// !$*UTF8*$!
{
	archiveVersion = 1;
	classes = {
	};
	objectVersion = 45;
	objects = {

/* Begin PBXFileReference section */
		ED2606FD108FAF80004BF73E /* cuffdiff.cpp */ = {isa = PBXFileReference; fileEncoding = 4; lastKnownFileType = sourcecode.cpp.cpp; path = cuffdiff.cpp; sourceTree = "<group>"; };
		ED5A97241097AF23001BA454 /* filters.h */ = {isa = PBXFileReference; fileEncoding = 4; lastKnownFileType = sourcecode.c.h; path = filters.h; sourceTree = "<group>"; };
		ED5A97251097AF23001BA454 /* filters.cpp */ = {isa = PBXFileReference; fileEncoding = 4; lastKnownFileType = sourcecode.cpp.cpp; path = filters.cpp; sourceTree = "<group>"; };
		ED7E55FF0FA65536007F93A7 /* abundances.h */ = {isa = PBXFileReference; fileEncoding = 4; lastKnownFileType = sourcecode.c.h; path = abundances.h; sourceTree = "<group>"; };
		ED7E56000FA65536007F93A7 /* abundances.cpp */ = {isa = PBXFileReference; fileEncoding = 4; lastKnownFileType = sourcecode.cpp.cpp; path = abundances.cpp; sourceTree = "<group>"; };
		ED7E578B0FA7C19D007F93A7 /* bfs.h */ = {isa = PBXFileReference; fileEncoding = 4; lastKnownFileType = sourcecode.c.h; path = bfs.h; sourceTree = "<group>"; };
		ED7E578C0FA7C19D007F93A7 /* bin_heap.h */ = {isa = PBXFileReference; fileEncoding = 4; lastKnownFileType = sourcecode.c.h; path = bin_heap.h; sourceTree = "<group>"; };
		ED7E578D0FA7C19D007F93A7 /* bipartite_matching.h */ = {isa = PBXFileReference; fileEncoding = 4; lastKnownFileType = sourcecode.c.h; path = bipartite_matching.h; sourceTree = "<group>"; };
		ED7E578F0FA7C19D007F93A7 /* alteration_notifier.h */ = {isa = PBXFileReference; fileEncoding = 4; lastKnownFileType = sourcecode.c.h; path = alteration_notifier.h; sourceTree = "<group>"; };
		ED7E57900FA7C19D007F93A7 /* array_map.h */ = {isa = PBXFileReference; fileEncoding = 4; lastKnownFileType = sourcecode.c.h; path = array_map.h; sourceTree = "<group>"; };
		ED7E57910FA7C19D007F93A7 /* base_extender.h */ = {isa = PBXFileReference; fileEncoding = 4; lastKnownFileType = sourcecode.c.h; path = base_extender.h; sourceTree = "<group>"; };
		ED7E57920FA7C19D007F93A7 /* debug_map.h */ = {isa = PBXFileReference; fileEncoding = 4; lastKnownFileType = sourcecode.c.h; path = debug_map.h; sourceTree = "<group>"; };
		ED7E57930FA7C19D007F93A7 /* default_map.h */ = {isa = PBXFileReference; fileEncoding = 4; lastKnownFileType = sourcecode.c.h; path = default_map.h; sourceTree = "<group>"; };
		ED7E57940FA7C19D007F93A7 /* graph_adaptor_extender.h */ = {isa = PBXFileReference; fileEncoding = 4; lastKnownFileType = sourcecode.c.h; path = graph_adaptor_extender.h; sourceTree = "<group>"; };
		ED7E57950FA7C19D007F93A7 /* graph_extender.h */ = {isa = PBXFileReference; fileEncoding = 4; lastKnownFileType = sourcecode.c.h; path = graph_extender.h; sourceTree = "<group>"; };
		ED7E57960FA7C19D007F93A7 /* invalid.h */ = {isa = PBXFileReference; fileEncoding = 4; lastKnownFileType = sourcecode.c.h; path = invalid.h; sourceTree = "<group>"; };
		ED7E57970FA7C19D007F93A7 /* map_extender.h */ = {isa = PBXFileReference; fileEncoding = 4; lastKnownFileType = sourcecode.c.h; path = map_extender.h; sourceTree = "<group>"; };
		ED7E57980FA7C19D007F93A7 /* path_dump.h */ = {isa = PBXFileReference; fileEncoding = 4; lastKnownFileType = sourcecode.c.h; path = path_dump.h; sourceTree = "<group>"; };
		ED7E57990FA7C19D007F93A7 /* traits.h */ = {isa = PBXFileReference; fileEncoding = 4; lastKnownFileType = sourcecode.c.h; path = traits.h; sourceTree = "<group>"; };
		ED7E579A0FA7C19D007F93A7 /* utility.h */ = {isa = PBXFileReference; fileEncoding = 4; lastKnownFileType = sourcecode.c.h; path = utility.h; sourceTree = "<group>"; };
		ED7E579B0FA7C19D007F93A7 /* variant.h */ = {isa = PBXFileReference; fileEncoding = 4; lastKnownFileType = sourcecode.c.h; path = variant.h; sourceTree = "<group>"; };
		ED7E579C0FA7C19D007F93A7 /* vector_map.h */ = {isa = PBXFileReference; fileEncoding = 4; lastKnownFileType = sourcecode.c.h; path = vector_map.h; sourceTree = "<group>"; };
		ED7E579D0FA7C19D007F93A7 /* bucket_heap.h */ = {isa = PBXFileReference; fileEncoding = 4; lastKnownFileType = sourcecode.c.h; path = bucket_heap.h; sourceTree = "<group>"; };
		ED7E579E0FA7C19D007F93A7 /* concept_check.h */ = {isa = PBXFileReference; fileEncoding = 4; lastKnownFileType = sourcecode.c.h; path = concept_check.h; sourceTree = "<group>"; };
		ED7E57A00FA7C19D007F93A7 /* bpugraph.h */ = {isa = PBXFileReference; fileEncoding = 4; lastKnownFileType = sourcecode.c.h; path = bpugraph.h; sourceTree = "<group>"; };
		ED7E57A10FA7C19D007F93A7 /* graph.h */ = {isa = PBXFileReference; fileEncoding = 4; lastKnownFileType = sourcecode.c.h; path = graph.h; sourceTree = "<group>"; };
		ED7E57A20FA7C19D007F93A7 /* graph_components.h */ = {isa = PBXFileReference; fileEncoding = 4; lastKnownFileType = sourcecode.c.h; path = graph_components.h; sourceTree = "<group>"; };
		ED7E57A30FA7C19D007F93A7 /* heap.h */ = {isa = PBXFileReference; fileEncoding = 4; lastKnownFileType = sourcecode.c.h; path = heap.h; sourceTree = "<group>"; };
		ED7E57A40FA7C19D007F93A7 /* maps.h */ = {isa = PBXFileReference; fileEncoding = 4; lastKnownFileType = sourcecode.c.h; path = maps.h; sourceTree = "<group>"; };
		ED7E57A50FA7C19D007F93A7 /* matrix_maps.h */ = {isa = PBXFileReference; fileEncoding = 4; lastKnownFileType = sourcecode.c.h; path = matrix_maps.h; sourceTree = "<group>"; };
		ED7E57A60FA7C19D007F93A7 /* path.h */ = {isa = PBXFileReference; fileEncoding = 4; lastKnownFileType = sourcecode.c.h; path = path.h; sourceTree = "<group>"; };
		ED7E57A70FA7C19D007F93A7 /* ugraph.h */ = {isa = PBXFileReference; fileEncoding = 4; lastKnownFileType = sourcecode.c.h; path = ugraph.h; sourceTree = "<group>"; };
		ED7E57A80FA7C19D007F93A7 /* dfs.h */ = {isa = PBXFileReference; fileEncoding = 4; lastKnownFileType = sourcecode.c.h; path = dfs.h; sourceTree = "<group>"; };
		ED7E57A90FA7C19D007F93A7 /* error.h */ = {isa = PBXFileReference; fileEncoding = 4; lastKnownFileType = sourcecode.c.h; path = error.h; sourceTree = "<group>"; };
		ED7E57AA0FA7C19D007F93A7 /* graph_adaptor.h */ = {isa = PBXFileReference; fileEncoding = 4; lastKnownFileType = sourcecode.c.h; path = graph_adaptor.h; sourceTree = "<group>"; };
		ED7E57AB0FA7C19D007F93A7 /* graph_utils.h */ = {isa = PBXFileReference; fileEncoding = 4; lastKnownFileType = sourcecode.c.h; path = graph_utils.h; sourceTree = "<group>"; };
		ED7E57AC0FA7C19D007F93A7 /* list_graph.h */ = {isa = PBXFileReference; fileEncoding = 4; lastKnownFileType = sourcecode.c.h; path = list_graph.h; sourceTree = "<group>"; };
		ED7E57AD0FA7C19D007F93A7 /* maps.h */ = {isa = PBXFileReference; fileEncoding = 4; lastKnownFileType = sourcecode.c.h; path = maps.h; sourceTree = "<group>"; };
		ED7E57AE0FA7C19D007F93A7 /* math.h */ = {isa = PBXFileReference; fileEncoding = 4; lastKnownFileType = sourcecode.c.h; path = math.h; sourceTree = "<group>"; };
		ED7E57AF0FA7C19D007F93A7 /* smart_graph.h */ = {isa = PBXFileReference; fileEncoding = 4; lastKnownFileType = sourcecode.c.h; path = smart_graph.h; sourceTree = "<group>"; };
		ED7E57B00FA7C19D007F93A7 /* tolerance.h */ = {isa = PBXFileReference; fileEncoding = 4; lastKnownFileType = sourcecode.c.h; path = tolerance.h; sourceTree = "<group>"; };
		ED7E57B10FA7C19D007F93A7 /* topology.h */ = {isa = PBXFileReference; fileEncoding = 4; lastKnownFileType = sourcecode.c.h; path = topology.h; sourceTree = "<group>"; };
		ED898BAD1010C29D00AB035E /* README */ = {isa = PBXFileReference; fileEncoding = 4; lastKnownFileType = text; name = README; path = ../README; sourceTree = SOURCE_ROOT; };
		ED898BAE1010C2A800AB035E /* LICENSE */ = {isa = PBXFileReference; fileEncoding = 4; lastKnownFileType = text; name = LICENSE; path = ../LICENSE; sourceTree = SOURCE_ROOT; };
		ED898BAF1010C2BC00AB035E /* AUTHORS */ = {isa = PBXFileReference; fileEncoding = 4; lastKnownFileType = text; name = AUTHORS; path = ../AUTHORS; sourceTree = SOURCE_ROOT; };
		ED91BC060FAE1BFD00BDDEBC /* fib_heap.h */ = {isa = PBXFileReference; fileEncoding = 4; lastKnownFileType = sourcecode.c.h; path = fib_heap.h; sourceTree = "<group>"; };
		ED91C29D0FA6CE9400B5E75C /* ax_boost_base.m4 */ = {isa = PBXFileReference; fileEncoding = 4; lastKnownFileType = text; name = ax_boost_base.m4; path = ../ax_boost_base.m4; sourceTree = SOURCE_ROOT; };
		ED91C29E0FA6CF1F00B5E75C /* ax_boost_thread.m4 */ = {isa = PBXFileReference; fileEncoding = 4; lastKnownFileType = text; name = ax_boost_thread.m4; path = ../ax_boost_thread.m4; sourceTree = SOURCE_ROOT; };
		ED9FACA210532A50006548BB /* gtf_tracking.h */ = {isa = PBXFileReference; fileEncoding = 4; lastKnownFileType = sourcecode.c.h; path = gtf_tracking.h; sourceTree = "<group>"; };
		ED9FACAA10532C16006548BB /* gtf_tracking.cpp */ = {isa = PBXFileReference; fileEncoding = 4; lastKnownFileType = sourcecode.cpp.cpp; path = gtf_tracking.cpp; sourceTree = "<group>"; };
		ED9FADA810546FEE006548BB /* bundles.h */ = {isa = PBXFileReference; fileEncoding = 4; lastKnownFileType = sourcecode.c.h; path = bundles.h; sourceTree = "<group>"; };
		ED9FADA910546FEE006548BB /* bundles.cpp */ = {isa = PBXFileReference; fileEncoding = 4; lastKnownFileType = sourcecode.cpp.cpp; path = bundles.cpp; sourceTree = "<group>"; };
		ED9FAE4110547AB8006548BB /* GList.hh */ = {isa = PBXFileReference; fileEncoding = 4; lastKnownFileType = sourcecode.cpp.h; path = GList.hh; sourceTree = "<group>"; };
		EDA7A58810C2DFEB0074A7B7 /* gtf_reads.cpp */ = {isa = PBXFileReference; fileEncoding = 4; lastKnownFileType = sourcecode.cpp.cpp; path = gtf_reads.cpp; sourceTree = "<group>"; };
		EDABA25B0F7C330600EEAAD3 /* transitive_closure.h */ = {isa = PBXFileReference; fileEncoding = 4; lastKnownFileType = sourcecode.c.h; path = transitive_closure.h; sourceTree = "<group>"; };
		EDCFD37B0F81B974002B1976 /* scaffolds.h */ = {isa = PBXFileReference; fileEncoding = 4; lastKnownFileType = sourcecode.c.h; path = scaffolds.h; sourceTree = "<group>"; };
		EDCFD37C0F81B974002B1976 /* scaffolds.cpp */ = {isa = PBXFileReference; fileEncoding = 4; lastKnownFileType = sourcecode.cpp.cpp; path = scaffolds.cpp; sourceTree = "<group>"; };
		EDD30EC80F783E2B00192B4D /* configure.ac */ = {isa = PBXFileReference; fileEncoding = 4; lastKnownFileType = text; name = configure.ac; path = ../configure.ac; sourceTree = SOURCE_ROOT; };
		EDD30ECA0F783E3200192B4D /* Makefile.am */ = {isa = PBXFileReference; fileEncoding = 4; lastKnownFileType = text; path = Makefile.am; sourceTree = "<group>"; };
		EDD30ECB0F783E3200192B4D /* cufflinks.cpp */ = {isa = PBXFileReference; fileEncoding = 4; lastKnownFileType = sourcecode.cpp.cpp; path = cufflinks.cpp; sourceTree = "<group>"; };
		EDD30EE60F78436D00192B4D /* hits.cpp */ = {isa = PBXFileReference; fileEncoding = 4; lastKnownFileType = sourcecode.cpp.cpp; path = hits.cpp; sourceTree = "<group>"; };
		EDD30EE70F78436D00192B4D /* hits.h */ = {isa = PBXFileReference; fileEncoding = 4; lastKnownFileType = sourcecode.c.h; path = hits.h; sourceTree = "<group>"; };
		EDD30F0F0F78469B00192B4D /* tokenize.cpp */ = {isa = PBXFileReference; fileEncoding = 4; lastKnownFileType = sourcecode.cpp.cpp; path = tokenize.cpp; sourceTree = "<group>"; };
		EDD30F100F78469B00192B4D /* tokenize.h */ = {isa = PBXFileReference; fileEncoding = 4; lastKnownFileType = sourcecode.c.h; path = tokenize.h; sourceTree = "<group>"; };
		EDD30F250F78473D00192B4D /* common.h */ = {isa = PBXFileReference; fileEncoding = 4; lastKnownFileType = sourcecode.c.h; path = common.h; sourceTree = "<group>"; };
		EDD30F260F78473D00192B4D /* common.cpp */ = {isa = PBXFileReference; fileEncoding = 4; lastKnownFileType = sourcecode.cpp.cpp; path = common.cpp; sourceTree = "<group>"; };
		EDDC3B31103B12D300C386C1 /* cuffcompare.cpp */ = {isa = PBXFileReference; fileEncoding = 4; lastKnownFileType = sourcecode.cpp.cpp; path = cuffcompare.cpp; sourceTree = "<group>"; };
		EDDC40CE1042467A00C386C1 /* genes.h */ = {isa = PBXFileReference; fileEncoding = 4; lastKnownFileType = sourcecode.c.h; path = genes.h; sourceTree = "<group>"; };
		EDDC40CF10424B5D00C386C1 /* genes.cpp */ = {isa = PBXFileReference; fileEncoding = 4; lastKnownFileType = sourcecode.cpp.cpp; path = genes.cpp; sourceTree = "<group>"; };
		EDE162AF0F789F1500F7A98B /* assemble.h */ = {isa = PBXFileReference; fileEncoding = 4; lastKnownFileType = sourcecode.c.h; path = assemble.h; sourceTree = "<group>"; };
		EDE162B00F789F1500F7A98B /* assemble.cpp */ = {isa = PBXFileReference; fileEncoding = 4; lastKnownFileType = sourcecode.cpp.cpp; path = assemble.cpp; sourceTree = "<group>"; };
		EDF05F8A104EF5D100196C88 /* gff.h */ = {isa = PBXFileReference; fileEncoding = 4; lastKnownFileType = sourcecode.c.h; path = gff.h; sourceTree = "<group>"; };
		EDF05F8B104EF5D100196C88 /* gff.cpp */ = {isa = PBXFileReference; fileEncoding = 4; lastKnownFileType = sourcecode.cpp.cpp; path = gff.cpp; sourceTree = "<group>"; };
/* End PBXFileReference section */

/* Begin PBXGroup section */
		08FB7794FE84155DC02AAC07 /* cufflink */ = {
			isa = PBXGroup;
			children = (
				EDD30ECA0F783E3200192B4D /* Makefile.am */,
				EDD30EC80F783E2B00192B4D /* configure.ac */,
				ED898BAD1010C29D00AB035E /* README */,
				ED898BAE1010C2A800AB035E /* LICENSE */,
				ED898BAF1010C2BC00AB035E /* AUTHORS */,
				ED91C29D0FA6CE9400B5E75C /* ax_boost_base.m4 */,
				ED91C29E0FA6CF1F00B5E75C /* ax_boost_thread.m4 */,
				ED7E55FF0FA65536007F93A7 /* abundances.h */,
				ED7E56000FA65536007F93A7 /* abundances.cpp */,
				EDE162AF0F789F1500F7A98B /* assemble.h */,
				EDE162B00F789F1500F7A98B /* assemble.cpp */,
				ED9FADA810546FEE006548BB /* bundles.h */,
				ED9FADA910546FEE006548BB /* bundles.cpp */,
				EDD30F250F78473D00192B4D /* common.h */,
				EDD30F260F78473D00192B4D /* common.cpp */,
				EDDC3B31103B12D300C386C1 /* cuffcompare.cpp */,
				ED2606FD108FAF80004BF73E /* cuffdiff.cpp */,
				EDD30ECB0F783E3200192B4D /* cufflinks.cpp */,
				EDD30EE60F78436D00192B4D /* hits.cpp */,
				EDD30EE70F78436D00192B4D /* hits.h */,
				ED5A97241097AF23001BA454 /* filters.h */,
				ED5A97251097AF23001BA454 /* filters.cpp */,
				EDF05F8A104EF5D100196C88 /* gff.h */,
				EDF05F8B104EF5D100196C88 /* gff.cpp */,
				EDDC40CE1042467A00C386C1 /* genes.h */,
				EDDC40CF10424B5D00C386C1 /* genes.cpp */,
				ED9FACA210532A50006548BB /* gtf_tracking.h */,
				ED9FACAA10532C16006548BB /* gtf_tracking.cpp */,
				ED9FAE4110547AB8006548BB /* GList.hh */,
				EDA7A58810C2DFEB0074A7B7 /* gtf_reads.cpp */,
				EDCFD37B0F81B974002B1976 /* scaffolds.h */,
				EDCFD37C0F81B974002B1976 /* scaffolds.cpp */,
				EDD30F0F0F78469B00192B4D /* tokenize.cpp */,
				EDD30F100F78469B00192B4D /* tokenize.h */,
				EDABA25B0F7C330600EEAAD3 /* transitive_closure.h */,
				ED7E578A0FA7C19D007F93A7 /* lemon */,
			);
			name = cufflink;
			sourceTree = "<group>";
		};
		ED7E578A0FA7C19D007F93A7 /* lemon */ = {
			isa = PBXGroup;
			children = (
				ED7E578B0FA7C19D007F93A7 /* bfs.h */,
				ED7E578C0FA7C19D007F93A7 /* bin_heap.h */,
				ED7E578D0FA7C19D007F93A7 /* bipartite_matching.h */,
				ED7E578E0FA7C19D007F93A7 /* bits */,
				ED7E579D0FA7C19D007F93A7 /* bucket_heap.h */,
				ED7E579E0FA7C19D007F93A7 /* concept_check.h */,
				ED7E579F0FA7C19D007F93A7 /* concepts */,
				ED7E57A80FA7C19D007F93A7 /* dfs.h */,
				ED7E57A90FA7C19D007F93A7 /* error.h */,
				ED7E57AA0FA7C19D007F93A7 /* graph_adaptor.h */,
				ED7E57AB0FA7C19D007F93A7 /* graph_utils.h */,
				ED91BC060FAE1BFD00BDDEBC /* fib_heap.h */,
				ED7E57AC0FA7C19D007F93A7 /* list_graph.h */,
				ED7E57AD0FA7C19D007F93A7 /* maps.h */,
				ED7E57AE0FA7C19D007F93A7 /* math.h */,
				ED7E57AF0FA7C19D007F93A7 /* smart_graph.h */,
				ED7E57B00FA7C19D007F93A7 /* tolerance.h */,
				ED7E57B10FA7C19D007F93A7 /* topology.h */,
			);
			path = lemon;
			sourceTree = "<group>";
		};
		ED7E578E0FA7C19D007F93A7 /* bits */ = {
			isa = PBXGroup;
			children = (
				ED7E578F0FA7C19D007F93A7 /* alteration_notifier.h */,
				ED7E57900FA7C19D007F93A7 /* array_map.h */,
				ED7E57910FA7C19D007F93A7 /* base_extender.h */,
				ED7E57920FA7C19D007F93A7 /* debug_map.h */,
				ED7E57930FA7C19D007F93A7 /* default_map.h */,
				ED7E57940FA7C19D007F93A7 /* graph_adaptor_extender.h */,
				ED7E57950FA7C19D007F93A7 /* graph_extender.h */,
				ED7E57960FA7C19D007F93A7 /* invalid.h */,
				ED7E57970FA7C19D007F93A7 /* map_extender.h */,
				ED7E57980FA7C19D007F93A7 /* path_dump.h */,
				ED7E57990FA7C19D007F93A7 /* traits.h */,
				ED7E579A0FA7C19D007F93A7 /* utility.h */,
				ED7E579B0FA7C19D007F93A7 /* variant.h */,
				ED7E579C0FA7C19D007F93A7 /* vector_map.h */,
			);
			path = bits;
			sourceTree = "<group>";
		};
		ED7E579F0FA7C19D007F93A7 /* concepts */ = {
			isa = PBXGroup;
			children = (
				ED7E57A00FA7C19D007F93A7 /* bpugraph.h */,
				ED7E57A10FA7C19D007F93A7 /* graph.h */,
				ED7E57A20FA7C19D007F93A7 /* graph_components.h */,
				ED7E57A30FA7C19D007F93A7 /* heap.h */,
				ED7E57A40FA7C19D007F93A7 /* maps.h */,
				ED7E57A50FA7C19D007F93A7 /* matrix_maps.h */,
				ED7E57A60FA7C19D007F93A7 /* path.h */,
				ED7E57A70FA7C19D007F93A7 /* ugraph.h */,
			);
			path = concepts;
			sourceTree = "<group>";
		};
/* End PBXGroup section */

/* Begin PBXLegacyTarget section */
		D28A88AD04BDD90700651E21 /* cufflinks */ = {
			isa = PBXLegacyTarget;
			buildArgumentsString = "$(ACTION)";
			buildConfigurationList = 1DEB918F08733D9F0010E9CD /* Build configuration list for PBXLegacyTarget "cufflinks" */;
			buildPhases = (
			);
			buildToolPath = /usr/bin/make;
			dependencies = (
			);
			name = cufflinks;
			passBuildSettingsInEnvironment = 1;
			productName = cufflink;
		};
		EDD30E1B0F782D7A00192B4D /* test */ = {
			isa = PBXLegacyTarget;
			buildArgumentsString = check;
			buildConfigurationList = EDD30E220F782D8C00192B4D /* Build configuration list for PBXLegacyTarget "test" */;
			buildPhases = (
			);
			buildToolPath = /Users/cole/bin/xcodemake;
			dependencies = (
			);
			name = test;
			passBuildSettingsInEnvironment = 1;
			productName = test;
		};
/* End PBXLegacyTarget section */

/* Begin PBXProject section */
		08FB7793FE84155DC02AAC07 /* Project object */ = {
			isa = PBXProject;
			attributes = {
				BuildIndependentTargetsInParallel = YES;
				ORGANIZATIONNAME = "Cole Trapnell";
			};
			buildConfigurationList = 1DEB919308733D9F0010E9CD /* Build configuration list for PBXProject "cufflinks" */;
			compatibilityVersion = "Xcode 3.1";
			hasScannedForEncodings = 1;
			mainGroup = 08FB7794FE84155DC02AAC07 /* cufflink */;
			projectDirPath = "";
			projectRoot = "";
			targets = (
				D28A88AD04BDD90700651E21 /* cufflinks */,
				EDD30E1B0F782D7A00192B4D /* test */,
			);
		};
/* End PBXProject section */

/* Begin XCBuildConfiguration section */
		1DEB919008733D9F0010E9CD /* Debug */ = {
			isa = XCBuildConfiguration;
			buildSettings = {
				COPY_PHASE_STRIP = NO;
				DEBUGGING_SYMBOLS = YES;
				GCC_DYNAMIC_NO_PIC = NO;
				GCC_ENABLE_FIX_AND_CONTINUE = YES;
				GCC_GENERATE_DEBUGGING_SYMBOLS = YES;
				GCC_OPTIMIZATION_LEVEL = 0;
				OTHER_CFLAGS = "";
				OTHER_LDFLAGS = "";
				PRODUCT_NAME = cufflinks;
			};
			name = Debug;
		};
		1DEB919108733D9F0010E9CD /* Release */ = {
			isa = XCBuildConfiguration;
			buildSettings = {
				COPY_PHASE_STRIP = YES;
				GCC_ENABLE_FIX_AND_CONTINUE = NO;
				OTHER_CFLAGS = "";
				OTHER_LDFLAGS = "";
				PRODUCT_NAME = cufflink;
			};
			name = Release;
		};
		1DEB919408733D9F0010E9CD /* Debug */ = {
			isa = XCBuildConfiguration;
			buildSettings = {
				ARCHS = "$(ARCHS_STANDARD_32_BIT)";
				GCC_VERSION = 4.2;
				GCC_VERSION_i386 = 4.2;
				GCC_WARN_ABOUT_RETURN_TYPE = YES;
				GCC_WARN_UNUSED_VARIABLE = YES;
				ONLY_ACTIVE_ARCH = YES;
				PREBINDING = NO;
				SDKROOT = macosx10.5;
				SYMROOT = "/Users/cole/Data/Documents/CBCB/sr_mapping/RNA-seq/cufflinks/src/";
			};
			name = Debug;
		};
		1DEB919508733D9F0010E9CD /* Release */ = {
			isa = XCBuildConfiguration;
			buildSettings = {
				ARCHS = "$(ARCHS_STANDARD_32_BIT)";
				GCC_WARN_ABOUT_RETURN_TYPE = YES;
				GCC_WARN_UNUSED_VARIABLE = YES;
				PREBINDING = NO;
				SDKROOT = macosx10.5;
			};
			name = Release;
		};
		EDD30E1C0F782D7A00192B4D /* Debug */ = {
			isa = XCBuildConfiguration;
			buildSettings = {
				COPY_PHASE_STRIP = NO;
				GCC_DYNAMIC_NO_PIC = NO;
				GCC_OPTIMIZATION_LEVEL = 0;
				PRODUCT_NAME = test;
			};
			name = Debug;
		};
		EDD30E1D0F782D7A00192B4D /* Release */ = {
			isa = XCBuildConfiguration;
			buildSettings = {
				COPY_PHASE_STRIP = YES;
				DEBUG_INFORMATION_FORMAT = "dwarf-with-dsym";
				GCC_ENABLE_FIX_AND_CONTINUE = NO;
				PRODUCT_NAME = test;
				ZERO_LINK = NO;
			};
			name = Release;
		};
/* End XCBuildConfiguration section */

/* Begin XCConfigurationList section */
		1DEB918F08733D9F0010E9CD /* Build configuration list for PBXLegacyTarget "cufflinks" */ = {
			isa = XCConfigurationList;
			buildConfigurations = (
				1DEB919008733D9F0010E9CD /* Debug */,
				1DEB919108733D9F0010E9CD /* Release */,
			);
			defaultConfigurationIsVisible = 0;
			defaultConfigurationName = Release;
		};
		1DEB919308733D9F0010E9CD /* Build configuration list for PBXProject "cufflinks" */ = {
			isa = XCConfigurationList;
			buildConfigurations = (
				1DEB919408733D9F0010E9CD /* Debug */,
				1DEB919508733D9F0010E9CD /* Release */,
			);
			defaultConfigurationIsVisible = 0;
			defaultConfigurationName = Release;
		};
		EDD30E220F782D8C00192B4D /* Build configuration list for PBXLegacyTarget "test" */ = {
			isa = XCConfigurationList;
			buildConfigurations = (
				EDD30E1C0F782D7A00192B4D /* Debug */,
				EDD30E1D0F782D7A00192B4D /* Release */,
			);
			defaultConfigurationIsVisible = 0;
			defaultConfigurationName = Release;
		};
/* End XCConfigurationList section */
	};
	rootObject = 08FB7793FE84155DC02AAC07 /* Project object */;
}
