// !$*UTF8*$!
{
	archiveVersion = 1;
	classes = {
	};
	objectVersion = 46;
	objects = {

/* Begin PBXBuildFile section */
		ED1C0D7611D7F88B00CFD663 /* libbam.a in Frameworks */ = {isa = PBXBuildFile; fileRef = ED1C0D7511D7F88B00CFD663 /* libbam.a */; };
		ED1C0D7A11D7F94900CFD663 /* libz.dylib in Frameworks */ = {isa = PBXBuildFile; fileRef = ED1C0D7911D7F94900CFD663 /* libz.dylib */; };
		ED41B818127602C60000B5A2 /* GFastaIndex.cpp in Sources */ = {isa = PBXBuildFile; fileRef = 0A5D9A35123B5BE0002BEFD5 /* GFastaIndex.cpp */; };
		ED41B819127602C60000B5A2 /* abundances.cpp in Sources */ = {isa = PBXBuildFile; fileRef = EDA5151E10C72963000A4F41 /* abundances.cpp */; };
		ED41B81A127602C60000B5A2 /* assemble.cpp in Sources */ = {isa = PBXBuildFile; fileRef = EDA5151F10C72963000A4F41 /* assemble.cpp */; };
		ED41B81B127602C60000B5A2 /* bundles.cpp in Sources */ = {isa = PBXBuildFile; fileRef = EDA5152010C72963000A4F41 /* bundles.cpp */; };
		ED41B81C127602C60000B5A2 /* codons.cpp in Sources */ = {isa = PBXBuildFile; fileRef = EDA5152110C72963000A4F41 /* codons.cpp */; };
		ED41B81D127602C60000B5A2 /* common.cpp in Sources */ = {isa = PBXBuildFile; fileRef = EDA5152210C72963000A4F41 /* common.cpp */; };
		ED41B81E127602C60000B5A2 /* filters.cpp in Sources */ = {isa = PBXBuildFile; fileRef = EDA5152610C72963000A4F41 /* filters.cpp */; };
		ED41B81F127602C60000B5A2 /* GArgs.cpp in Sources */ = {isa = PBXBuildFile; fileRef = EDA5152710C72963000A4F41 /* GArgs.cpp */; };
		ED41B820127602C60000B5A2 /* GBase.cpp in Sources */ = {isa = PBXBuildFile; fileRef = EDA5152810C72963000A4F41 /* GBase.cpp */; };
		ED41B821127602C60000B5A2 /* gdna.cpp in Sources */ = {isa = PBXBuildFile; fileRef = EDA5152910C72963000A4F41 /* gdna.cpp */; };
		ED41B822127602C60000B5A2 /* genes.cpp in Sources */ = {isa = PBXBuildFile; fileRef = EDA5152A10C72963000A4F41 /* genes.cpp */; };
		ED41B823127602C60000B5A2 /* GFaSeqGet.cpp in Sources */ = {isa = PBXBuildFile; fileRef = EDA5152B10C72963000A4F41 /* GFaSeqGet.cpp */; };
		ED41B824127602C60000B5A2 /* gff.cpp in Sources */ = {isa = PBXBuildFile; fileRef = EDA5152C10C72963000A4F41 /* gff.cpp */; };
		ED41B825127602C60000B5A2 /* GStr.cpp in Sources */ = {isa = PBXBuildFile; fileRef = EDA5152D10C72963000A4F41 /* GStr.cpp */; };
		ED41B826127602C60000B5A2 /* gtf_tracking.cpp in Sources */ = {isa = PBXBuildFile; fileRef = EDA5152F10C72963000A4F41 /* gtf_tracking.cpp */; };
		ED41B828127602C60000B5A2 /* hits.cpp in Sources */ = {isa = PBXBuildFile; fileRef = EDA5153010C72963000A4F41 /* hits.cpp */; };
		ED41B829127602C60000B5A2 /* scaffolds.cpp in Sources */ = {isa = PBXBuildFile; fileRef = EDA5153110C72963000A4F41 /* scaffolds.cpp */; };
		ED41B82A127602C60000B5A2 /* tokenize.cpp in Sources */ = {isa = PBXBuildFile; fileRef = EDA5153210C72963000A4F41 /* tokenize.cpp */; };
		ED41B82B127602C60000B5A2 /* clustering.cpp in Sources */ = {isa = PBXBuildFile; fileRef = EDACE439114F031B009024DB /* clustering.cpp */; };
		ED41B82C127602C60000B5A2 /* graph_optimize.cpp in Sources */ = {isa = PBXBuildFile; fileRef = EDE78A2C11B5F4F0000F8846 /* graph_optimize.cpp */; };
		ED41B82D127602C60000B5A2 /* scaffold_graph.cpp in Sources */ = {isa = PBXBuildFile; fileRef = EDE78A7911B6E912000F8846 /* scaffold_graph.cpp */; };
		ED41B82E127602C60000B5A2 /* matching_merge.cpp in Sources */ = {isa = PBXBuildFile; fileRef = EDE78BC411B716C3000F8846 /* matching_merge.cpp */; };
		ED41B82F127602C60000B5A2 /* biascorrection.cpp in Sources */ = {isa = PBXBuildFile; fileRef = EDBAC4BF11FF5AD3002B7162 /* biascorrection.cpp */; };
		ED41B831127602C60000B5A2 /* libboost_thread.a in Frameworks */ = {isa = PBXBuildFile; fileRef = ED5D1EE8114B490C00A2AF02 /* libboost_thread.a */; };
		ED41B832127602C60000B5A2 /* libbam.a in Frameworks */ = {isa = PBXBuildFile; fileRef = ED1C0D7511D7F88B00CFD663 /* libbam.a */; };
		ED41B833127602C60000B5A2 /* libz.dylib in Frameworks */ = {isa = PBXBuildFile; fileRef = ED1C0D7911D7F94900CFD663 /* libz.dylib */; };
		ED41B83E127603A20000B5A2 /* gtf_reads.cpp in Sources */ = {isa = PBXBuildFile; fileRef = EDA5152E10C72963000A4F41 /* gtf_reads.cpp */; };
		ED48324B123E83D100642337 /* GFastaIndex.cpp in Sources */ = {isa = PBXBuildFile; fileRef = 0A5D9A35123B5BE0002BEFD5 /* GFastaIndex.cpp */; };
		ED5D1EE9114B490C00A2AF02 /* libboost_thread.a in Frameworks */ = {isa = PBXBuildFile; fileRef = ED5D1EE8114B490C00A2AF02 /* libboost_thread.a */; };
		ED5D1EEA114B490C00A2AF02 /* libboost_thread.a in Frameworks */ = {isa = PBXBuildFile; fileRef = ED5D1EE8114B490C00A2AF02 /* libboost_thread.a */; };
		ED877B73123BCA3F0025A050 /* GFastaIndex.cpp in Sources */ = {isa = PBXBuildFile; fileRef = ED877B72123BCA3F0025A050 /* GFastaIndex.cpp */; };
		ED877B74123BCA3F0025A050 /* GFastaIndex.cpp in Sources */ = {isa = PBXBuildFile; fileRef = ED877B72123BCA3F0025A050 /* GFastaIndex.cpp */; };
		ED877B75123BCA3F0025A050 /* GFastaIndex.cpp in Sources */ = {isa = PBXBuildFile; fileRef = ED877B72123BCA3F0025A050 /* GFastaIndex.cpp */; };
		EDA5155210C729A9000A4F41 /* abundances.cpp in Sources */ = {isa = PBXBuildFile; fileRef = EDA5151E10C72963000A4F41 /* abundances.cpp */; };
		EDA5155310C729A9000A4F41 /* assemble.cpp in Sources */ = {isa = PBXBuildFile; fileRef = EDA5151F10C72963000A4F41 /* assemble.cpp */; };
		EDA5155410C729A9000A4F41 /* bundles.cpp in Sources */ = {isa = PBXBuildFile; fileRef = EDA5152010C72963000A4F41 /* bundles.cpp */; };
		EDA5155510C729A9000A4F41 /* codons.cpp in Sources */ = {isa = PBXBuildFile; fileRef = EDA5152110C72963000A4F41 /* codons.cpp */; };
		EDA5155610C729A9000A4F41 /* common.cpp in Sources */ = {isa = PBXBuildFile; fileRef = EDA5152210C72963000A4F41 /* common.cpp */; };
		EDA5155910C729A9000A4F41 /* cufflinks.cpp in Sources */ = {isa = PBXBuildFile; fileRef = EDA5152510C72963000A4F41 /* cufflinks.cpp */; };
		EDA5155A10C729A9000A4F41 /* filters.cpp in Sources */ = {isa = PBXBuildFile; fileRef = EDA5152610C72963000A4F41 /* filters.cpp */; };
		EDA5155B10C729A9000A4F41 /* GArgs.cpp in Sources */ = {isa = PBXBuildFile; fileRef = EDA5152710C72963000A4F41 /* GArgs.cpp */; };
		EDA5155C10C729A9000A4F41 /* GBase.cpp in Sources */ = {isa = PBXBuildFile; fileRef = EDA5152810C72963000A4F41 /* GBase.cpp */; };
		EDA5155D10C729A9000A4F41 /* gdna.cpp in Sources */ = {isa = PBXBuildFile; fileRef = EDA5152910C72963000A4F41 /* gdna.cpp */; };
		EDA5155E10C729A9000A4F41 /* genes.cpp in Sources */ = {isa = PBXBuildFile; fileRef = EDA5152A10C72963000A4F41 /* genes.cpp */; };
		EDA5155F10C729A9000A4F41 /* GFaSeqGet.cpp in Sources */ = {isa = PBXBuildFile; fileRef = EDA5152B10C72963000A4F41 /* GFaSeqGet.cpp */; };
		EDA5156010C729A9000A4F41 /* gff.cpp in Sources */ = {isa = PBXBuildFile; fileRef = EDA5152C10C72963000A4F41 /* gff.cpp */; };
		EDA5156110C729A9000A4F41 /* GStr.cpp in Sources */ = {isa = PBXBuildFile; fileRef = EDA5152D10C72963000A4F41 /* GStr.cpp */; };
		EDA5156310C729A9000A4F41 /* gtf_tracking.cpp in Sources */ = {isa = PBXBuildFile; fileRef = EDA5152F10C72963000A4F41 /* gtf_tracking.cpp */; };
		EDA5156410C729A9000A4F41 /* hits.cpp in Sources */ = {isa = PBXBuildFile; fileRef = EDA5153010C72963000A4F41 /* hits.cpp */; };
		EDA5156510C729A9000A4F41 /* scaffolds.cpp in Sources */ = {isa = PBXBuildFile; fileRef = EDA5153110C72963000A4F41 /* scaffolds.cpp */; };
		EDA5156610C729A9000A4F41 /* tokenize.cpp in Sources */ = {isa = PBXBuildFile; fileRef = EDA5153210C72963000A4F41 /* tokenize.cpp */; };
		EDACE432114EFF5C009024DB /* differential.cpp in Sources */ = {isa = PBXBuildFile; fileRef = EDACE431114EFF5C009024DB /* differential.cpp */; };
		EDACE43A114F031B009024DB /* clustering.cpp in Sources */ = {isa = PBXBuildFile; fileRef = EDACE439114F031B009024DB /* clustering.cpp */; };
		EDACE43B114F031B009024DB /* clustering.cpp in Sources */ = {isa = PBXBuildFile; fileRef = EDACE439114F031B009024DB /* clustering.cpp */; };
		EDBAC4C111FF5AD3002B7162 /* biascorrection.cpp in Sources */ = {isa = PBXBuildFile; fileRef = EDBAC4BF11FF5AD3002B7162 /* biascorrection.cpp */; };
		EDBAC4C211FF5AD3002B7162 /* biascorrection.cpp in Sources */ = {isa = PBXBuildFile; fileRef = EDBAC4BF11FF5AD3002B7162 /* biascorrection.cpp */; };
		EDD0CE0A10C72F7D00AF308F /* abundances.cpp in Sources */ = {isa = PBXBuildFile; fileRef = EDA5151E10C72963000A4F41 /* abundances.cpp */; };
		EDD0CE0C10C72F7D00AF308F /* bundles.cpp in Sources */ = {isa = PBXBuildFile; fileRef = EDA5152010C72963000A4F41 /* bundles.cpp */; };
		EDD0CE0D10C72F7D00AF308F /* codons.cpp in Sources */ = {isa = PBXBuildFile; fileRef = EDA5152110C72963000A4F41 /* codons.cpp */; };
		EDD0CE0E10C72F7D00AF308F /* common.cpp in Sources */ = {isa = PBXBuildFile; fileRef = EDA5152210C72963000A4F41 /* common.cpp */; };
		EDD0CE1010C72F7D00AF308F /* filters.cpp in Sources */ = {isa = PBXBuildFile; fileRef = EDA5152610C72963000A4F41 /* filters.cpp */; };
		EDD0CE1110C72F7D00AF308F /* GArgs.cpp in Sources */ = {isa = PBXBuildFile; fileRef = EDA5152710C72963000A4F41 /* GArgs.cpp */; };
		EDD0CE1210C72F7D00AF308F /* GBase.cpp in Sources */ = {isa = PBXBuildFile; fileRef = EDA5152810C72963000A4F41 /* GBase.cpp */; };
		EDD0CE1310C72F7D00AF308F /* gdna.cpp in Sources */ = {isa = PBXBuildFile; fileRef = EDA5152910C72963000A4F41 /* gdna.cpp */; };
		EDD0CE1410C72F7D00AF308F /* genes.cpp in Sources */ = {isa = PBXBuildFile; fileRef = EDA5152A10C72963000A4F41 /* genes.cpp */; };
		EDD0CE1510C72F7D00AF308F /* GFaSeqGet.cpp in Sources */ = {isa = PBXBuildFile; fileRef = EDA5152B10C72963000A4F41 /* GFaSeqGet.cpp */; };
		EDD0CE1610C72F7D00AF308F /* gff.cpp in Sources */ = {isa = PBXBuildFile; fileRef = EDA5152C10C72963000A4F41 /* gff.cpp */; };
		EDD0CE1710C72F7D00AF308F /* GStr.cpp in Sources */ = {isa = PBXBuildFile; fileRef = EDA5152D10C72963000A4F41 /* GStr.cpp */; };
		EDD0CE1810C72F7D00AF308F /* gtf_tracking.cpp in Sources */ = {isa = PBXBuildFile; fileRef = EDA5152F10C72963000A4F41 /* gtf_tracking.cpp */; };
		EDD0CE1910C72F7D00AF308F /* hits.cpp in Sources */ = {isa = PBXBuildFile; fileRef = EDA5153010C72963000A4F41 /* hits.cpp */; };
		EDD0CE1A10C72F7D00AF308F /* scaffolds.cpp in Sources */ = {isa = PBXBuildFile; fileRef = EDA5153110C72963000A4F41 /* scaffolds.cpp */; };
		EDD0CE1B10C72F7D00AF308F /* tokenize.cpp in Sources */ = {isa = PBXBuildFile; fileRef = EDA5153210C72963000A4F41 /* tokenize.cpp */; };
		EDD0CE2410C72F9300AF308F /* cuffdiff.cpp in Sources */ = {isa = PBXBuildFile; fileRef = EDA5152410C72963000A4F41 /* cuffdiff.cpp */; };
		EDD6A9BF11598AB900D3F668 /* codons.cpp in Sources */ = {isa = PBXBuildFile; fileRef = EDA5152110C72963000A4F41 /* codons.cpp */; };
		EDD6A9C311598AB900D3F668 /* GArgs.cpp in Sources */ = {isa = PBXBuildFile; fileRef = EDA5152710C72963000A4F41 /* GArgs.cpp */; };
		EDD6A9C411598AB900D3F668 /* GBase.cpp in Sources */ = {isa = PBXBuildFile; fileRef = EDA5152810C72963000A4F41 /* GBase.cpp */; };
		EDD6A9C511598AB900D3F668 /* gdna.cpp in Sources */ = {isa = PBXBuildFile; fileRef = EDA5152910C72963000A4F41 /* gdna.cpp */; };
		EDD6A9C611598AB900D3F668 /* genes.cpp in Sources */ = {isa = PBXBuildFile; fileRef = EDA5152A10C72963000A4F41 /* genes.cpp */; };
		EDD6A9C711598AB900D3F668 /* GFaSeqGet.cpp in Sources */ = {isa = PBXBuildFile; fileRef = EDA5152B10C72963000A4F41 /* GFaSeqGet.cpp */; };
		EDD6A9C811598AB900D3F668 /* gff.cpp in Sources */ = {isa = PBXBuildFile; fileRef = EDA5152C10C72963000A4F41 /* gff.cpp */; };
		EDD6A9C911598AB900D3F668 /* GStr.cpp in Sources */ = {isa = PBXBuildFile; fileRef = EDA5152D10C72963000A4F41 /* GStr.cpp */; };
		EDD6A9CA11598AB900D3F668 /* gtf_tracking.cpp in Sources */ = {isa = PBXBuildFile; fileRef = EDA5152F10C72963000A4F41 /* gtf_tracking.cpp */; };
		EDD6A9DE11598CFC00D3F668 /* cuffcompare.cpp in Sources */ = {isa = PBXBuildFile; fileRef = EDA5152310C72963000A4F41 /* cuffcompare.cpp */; };
		EDD6AA481159BE6500D3F668 /* test_abundances.cpp in Sources */ = {isa = PBXBuildFile; fileRef = EDD6AA461159BE6500D3F668 /* test_abundances.cpp */; };
		EDD6AA6C1159C05600D3F668 /* test_main.cpp in Sources */ = {isa = PBXBuildFile; fileRef = EDD6AA471159BE6500D3F668 /* test_main.cpp */; };
		EDD6AA8E1159C5CD00D3F668 /* libcppunit-1.12.1.dylib in Frameworks */ = {isa = PBXBuildFile; fileRef = EDD6AA8D1159C5CD00D3F668 /* libcppunit-1.12.1.dylib */; };
		EDD94B481205C9E800AA1086 /* abundances.cpp in Sources */ = {isa = PBXBuildFile; fileRef = EDA5151E10C72963000A4F41 /* abundances.cpp */; };
		EDD94B491205C9E800AA1086 /* assemble.cpp in Sources */ = {isa = PBXBuildFile; fileRef = EDA5151F10C72963000A4F41 /* assemble.cpp */; };
		EDD94B4A1205C9E800AA1086 /* bundles.cpp in Sources */ = {isa = PBXBuildFile; fileRef = EDA5152010C72963000A4F41 /* bundles.cpp */; };
		EDD94B4B1205C9E800AA1086 /* codons.cpp in Sources */ = {isa = PBXBuildFile; fileRef = EDA5152110C72963000A4F41 /* codons.cpp */; };
		EDD94B4C1205C9E800AA1086 /* common.cpp in Sources */ = {isa = PBXBuildFile; fileRef = EDA5152210C72963000A4F41 /* common.cpp */; };
		EDD94B4E1205C9E800AA1086 /* filters.cpp in Sources */ = {isa = PBXBuildFile; fileRef = EDA5152610C72963000A4F41 /* filters.cpp */; };
		EDD94B4F1205C9E800AA1086 /* GArgs.cpp in Sources */ = {isa = PBXBuildFile; fileRef = EDA5152710C72963000A4F41 /* GArgs.cpp */; };
		EDD94B501205C9E800AA1086 /* GBase.cpp in Sources */ = {isa = PBXBuildFile; fileRef = EDA5152810C72963000A4F41 /* GBase.cpp */; };
		EDD94B511205C9E800AA1086 /* gdna.cpp in Sources */ = {isa = PBXBuildFile; fileRef = EDA5152910C72963000A4F41 /* gdna.cpp */; };
		EDD94B521205C9E800AA1086 /* genes.cpp in Sources */ = {isa = PBXBuildFile; fileRef = EDA5152A10C72963000A4F41 /* genes.cpp */; };
		EDD94B531205C9E800AA1086 /* GFaSeqGet.cpp in Sources */ = {isa = PBXBuildFile; fileRef = EDA5152B10C72963000A4F41 /* GFaSeqGet.cpp */; };
		EDD94B541205C9E800AA1086 /* gff.cpp in Sources */ = {isa = PBXBuildFile; fileRef = EDA5152C10C72963000A4F41 /* gff.cpp */; };
		EDD94B551205C9E800AA1086 /* GStr.cpp in Sources */ = {isa = PBXBuildFile; fileRef = EDA5152D10C72963000A4F41 /* GStr.cpp */; };
		EDD94B561205C9E800AA1086 /* gtf_tracking.cpp in Sources */ = {isa = PBXBuildFile; fileRef = EDA5152F10C72963000A4F41 /* gtf_tracking.cpp */; };
		EDD94B571205C9E800AA1086 /* hits.cpp in Sources */ = {isa = PBXBuildFile; fileRef = EDA5153010C72963000A4F41 /* hits.cpp */; };
		EDD94B581205C9E800AA1086 /* scaffolds.cpp in Sources */ = {isa = PBXBuildFile; fileRef = EDA5153110C72963000A4F41 /* scaffolds.cpp */; };
		EDD94B591205C9E800AA1086 /* tokenize.cpp in Sources */ = {isa = PBXBuildFile; fileRef = EDA5153210C72963000A4F41 /* tokenize.cpp */; };
		EDD94B5A1205C9E800AA1086 /* clustering.cpp in Sources */ = {isa = PBXBuildFile; fileRef = EDACE439114F031B009024DB /* clustering.cpp */; };
		EDD94B5B1205C9E800AA1086 /* graph_optimize.cpp in Sources */ = {isa = PBXBuildFile; fileRef = EDE78A2C11B5F4F0000F8846 /* graph_optimize.cpp */; };
		EDD94B5C1205C9E800AA1086 /* scaffold_graph.cpp in Sources */ = {isa = PBXBuildFile; fileRef = EDE78A7911B6E912000F8846 /* scaffold_graph.cpp */; };
		EDD94B5D1205C9E800AA1086 /* matching_merge.cpp in Sources */ = {isa = PBXBuildFile; fileRef = EDE78BC411B716C3000F8846 /* matching_merge.cpp */; };
		EDD94B5E1205C9E800AA1086 /* biascorrection.cpp in Sources */ = {isa = PBXBuildFile; fileRef = EDBAC4BF11FF5AD3002B7162 /* biascorrection.cpp */; };
		EDD94B601205C9E800AA1086 /* libboost_thread.a in Frameworks */ = {isa = PBXBuildFile; fileRef = ED5D1EE8114B490C00A2AF02 /* libboost_thread.a */; };
		EDD94B611205C9E800AA1086 /* libbam.a in Frameworks */ = {isa = PBXBuildFile; fileRef = ED1C0D7511D7F88B00CFD663 /* libbam.a */; };
		EDD94B621205C9E800AA1086 /* libz.dylib in Frameworks */ = {isa = PBXBuildFile; fileRef = ED1C0D7911D7F94900CFD663 /* libz.dylib */; };
		EDD94B741205CB1700AA1086 /* gtf_to_sam.cpp in Sources */ = {isa = PBXBuildFile; fileRef = EDD94B711205CAF400AA1086 /* gtf_to_sam.cpp */; };
		EDDBF70A12D29DF000130D8A /* cuffcluster.cpp in Sources */ = {isa = PBXBuildFile; fileRef = EDDBF70912D29DF000130D8A /* cuffcluster.cpp */; };
		EDE107E611E37CCC005F1F4B /* libbam.a in Frameworks */ = {isa = PBXBuildFile; fileRef = ED1C0D7511D7F88B00CFD663 /* libbam.a */; };
		EDE107E911E37CE7005F1F4B /* libz.dylib in Frameworks */ = {isa = PBXBuildFile; fileRef = ED1C0D7911D7F94900CFD663 /* libz.dylib */; };
		EDE78A2D11B5F4F0000F8846 /* graph_optimize.cpp in Sources */ = {isa = PBXBuildFile; fileRef = EDE78A2C11B5F4F0000F8846 /* graph_optimize.cpp */; };
		EDE78A7A11B6E912000F8846 /* scaffold_graph.cpp in Sources */ = {isa = PBXBuildFile; fileRef = EDE78A7911B6E912000F8846 /* scaffold_graph.cpp */; };
		EDE78BC611B716C3000F8846 /* matching_merge.cpp in Sources */ = {isa = PBXBuildFile; fileRef = EDE78BC411B716C3000F8846 /* matching_merge.cpp */; };
		EDFE39B6122BE65600F24CD3 /* common.cpp in Sources */ = {isa = PBXBuildFile; fileRef = EDA5152210C72963000A4F41 /* common.cpp */; };
		EDFE39C2122BE65600F24CD3 /* tokenize.cpp in Sources */ = {isa = PBXBuildFile; fileRef = EDA5153210C72963000A4F41 /* tokenize.cpp */; };
		EDFE39C7122BE65600F24CD3 /* libbam.a in Frameworks */ = {isa = PBXBuildFile; fileRef = ED1C0D7511D7F88B00CFD663 /* libbam.a */; };
		EDFE39C8122BE65600F24CD3 /* libboost_thread.a in Frameworks */ = {isa = PBXBuildFile; fileRef = ED5D1EE8114B490C00A2AF02 /* libboost_thread.a */; };
		EDFE39C9122BE65600F24CD3 /* libz.dylib in Frameworks */ = {isa = PBXBuildFile; fileRef = ED1C0D7911D7F94900CFD663 /* libz.dylib */; };
		EDFE39FB122BE7B700F24CD3 /* jensen_shannon.cpp in Sources */ = {isa = PBXBuildFile; fileRef = EDFE39FA122BE7B700F24CD3 /* jensen_shannon.cpp */; };
		EDFE39FC122BE7B700F24CD3 /* jensen_shannon.cpp in Sources */ = {isa = PBXBuildFile; fileRef = EDFE39FA122BE7B700F24CD3 /* jensen_shannon.cpp */; };
/* End PBXBuildFile section */

/* Begin PBXCopyFilesBuildPhase section */
		8DD76F690486A84900D96B5E /* CopyFiles */ = {
			isa = PBXCopyFilesBuildPhase;
			buildActionMask = 8;
			dstPath = /usr/share/man/man1/;
			dstSubfolderSpec = 0;
			files = (
			);
			runOnlyForDeploymentPostprocessing = 1;
		};
		ED41B834127602C60000B5A2 /* CopyFiles */ = {
			isa = PBXCopyFilesBuildPhase;
			buildActionMask = 8;
			dstPath = /usr/share/man/man1/;
			dstSubfolderSpec = 0;
			files = (
			);
			runOnlyForDeploymentPostprocessing = 1;
		};
		EDD0CE1E10C72F7D00AF308F /* CopyFiles */ = {
			isa = PBXCopyFilesBuildPhase;
			buildActionMask = 8;
			dstPath = /usr/share/man/man1/;
			dstSubfolderSpec = 0;
			files = (
			);
			runOnlyForDeploymentPostprocessing = 1;
		};
		EDD6A9D111598AB900D3F668 /* CopyFiles */ = {
			isa = PBXCopyFilesBuildPhase;
			buildActionMask = 8;
			dstPath = /usr/share/man/man1/;
			dstSubfolderSpec = 0;
			files = (
			);
			runOnlyForDeploymentPostprocessing = 1;
		};
		EDD94B631205C9E800AA1086 /* CopyFiles */ = {
			isa = PBXCopyFilesBuildPhase;
			buildActionMask = 8;
			dstPath = /usr/share/man/man1/;
			dstSubfolderSpec = 0;
			files = (
			);
			runOnlyForDeploymentPostprocessing = 1;
		};
		EDFE39CA122BE65600F24CD3 /* CopyFiles */ = {
			isa = PBXCopyFilesBuildPhase;
			buildActionMask = 8;
			dstPath = /usr/share/man/man1/;
			dstSubfolderSpec = 0;
			files = (
			);
			runOnlyForDeploymentPostprocessing = 1;
		};
/* End PBXCopyFilesBuildPhase section */

/* Begin PBXFileReference section */
		0A25E74B1242E95A0080BEA9 /* progressbar.h */ = {isa = PBXFileReference; fileEncoding = 4; lastKnownFileType = sourcecode.c.h; name = progressbar.h; path = src/progressbar.h; sourceTree = "<group>"; };
		0A5D9A35123B5BE0002BEFD5 /* GFastaIndex.cpp */ = {isa = PBXFileReference; fileEncoding = 4; lastKnownFileType = sourcecode.cpp.cpp; name = GFastaIndex.cpp; path = src/GFastaIndex.cpp; sourceTree = "<group>"; };
		0A5D9A3F123B5BFE002BEFD5 /* GFastaIndex.h */ = {isa = PBXFileReference; fileEncoding = 4; lastKnownFileType = sourcecode.c.h; name = GFastaIndex.h; path = src/GFastaIndex.h; sourceTree = "<group>"; };
		ED1C0C7111D7D9E500CFD663 /* ax_boost_base.m4 */ = {isa = PBXFileReference; fileEncoding = 4; lastKnownFileType = text; path = ax_boost_base.m4; sourceTree = "<group>"; };
		ED1C0C7211D7D9E500CFD663 /* ax_boost_thread.m4 */ = {isa = PBXFileReference; fileEncoding = 4; lastKnownFileType = text; path = ax_boost_thread.m4; sourceTree = "<group>"; };
		ED1C0C7411D7DA3200CFD663 /* ax_bam.m4 */ = {isa = PBXFileReference; fileEncoding = 4; lastKnownFileType = text; path = ax_bam.m4; sourceTree = "<group>"; };
		ED1C0CAA11D7E52400CFD663 /* ax_check_zlib.m4 */ = {isa = PBXFileReference; fileEncoding = 4; lastKnownFileType = text; path = ax_check_zlib.m4; sourceTree = "<group>"; };
		ED1C0D7511D7F88B00CFD663 /* libbam.a */ = {isa = PBXFileReference; lastKnownFileType = archive.ar; name = libbam.a; path = /usr/local/lib/libbam.a; sourceTree = "<absolute>"; };
		ED1C0D7911D7F94900CFD663 /* libz.dylib */ = {isa = PBXFileReference; lastKnownFileType = "compiled.mach-o.dylib"; name = libz.dylib; path = usr/lib/libz.dylib; sourceTree = SDKROOT; };
		ED41B838127602C60000B5A2 /* cufflinks_xcode */ = {isa = PBXFileReference; explicitFileType = "compiled.mach-o.executable"; includeInIndex = 0; path = cufflinks_xcode; sourceTree = BUILT_PRODUCTS_DIR; };
		ED4835D81249057500642337 /* progressbar.h */ = {isa = PBXFileReference; fileEncoding = 4; lastKnownFileType = sourcecode.c.h; name = progressbar.h; path = src/progressbar.h; sourceTree = "<group>"; };
		ED5D1EE8114B490C00A2AF02 /* libboost_thread.a */ = {isa = PBXFileReference; lastKnownFileType = archive.ar; name = libboost_thread.a; path = /usr/local/lib/libboost_thread.a; sourceTree = "<absolute>"; };
		ED877B71123BCA3E0025A050 /* GFastaIndex.h */ = {isa = PBXFileReference; fileEncoding = 4; lastKnownFileType = sourcecode.c.h; name = GFastaIndex.h; path = src/GFastaIndex.h; sourceTree = "<group>"; };
		ED877B72123BCA3F0025A050 /* GFastaIndex.cpp */ = {isa = PBXFileReference; fileEncoding = 4; lastKnownFileType = sourcecode.cpp.cpp; name = GFastaIndex.cpp; path = src/GFastaIndex.cpp; sourceTree = "<group>"; };
		EDA5150910C72963000A4F41 /* abundances.h */ = {isa = PBXFileReference; fileEncoding = 4; lastKnownFileType = sourcecode.c.h; name = abundances.h; path = src/abundances.h; sourceTree = "<group>"; };
		EDA5150A10C72963000A4F41 /* assemble.h */ = {isa = PBXFileReference; fileEncoding = 4; lastKnownFileType = sourcecode.c.h; name = assemble.h; path = src/assemble.h; sourceTree = "<group>"; };
		EDA5150B10C72963000A4F41 /* bundles.h */ = {isa = PBXFileReference; fileEncoding = 4; lastKnownFileType = sourcecode.c.h; name = bundles.h; path = src/bundles.h; sourceTree = "<group>"; };
		EDA5150C10C72963000A4F41 /* codons.h */ = {isa = PBXFileReference; fileEncoding = 4; lastKnownFileType = sourcecode.c.h; name = codons.h; path = src/codons.h; sourceTree = "<group>"; };
		EDA5150D10C72963000A4F41 /* common.h */ = {isa = PBXFileReference; fileEncoding = 4; lastKnownFileType = sourcecode.c.h; name = common.h; path = src/common.h; sourceTree = "<group>"; };
		EDA5150E10C72963000A4F41 /* filters.h */ = {isa = PBXFileReference; fileEncoding = 4; lastKnownFileType = sourcecode.c.h; name = filters.h; path = src/filters.h; sourceTree = "<group>"; };
		EDA5150F10C72963000A4F41 /* GArgs.h */ = {isa = PBXFileReference; fileEncoding = 4; lastKnownFileType = sourcecode.c.h; name = GArgs.h; path = src/GArgs.h; sourceTree = "<group>"; };
		EDA5151010C72963000A4F41 /* GBase.h */ = {isa = PBXFileReference; fileEncoding = 4; lastKnownFileType = sourcecode.c.h; name = GBase.h; path = src/GBase.h; sourceTree = "<group>"; };
		EDA5151110C72963000A4F41 /* gdna.h */ = {isa = PBXFileReference; fileEncoding = 4; lastKnownFileType = sourcecode.c.h; name = gdna.h; path = src/gdna.h; sourceTree = "<group>"; };
		EDA5151210C72963000A4F41 /* genes.h */ = {isa = PBXFileReference; fileEncoding = 4; lastKnownFileType = sourcecode.c.h; name = genes.h; path = src/genes.h; sourceTree = "<group>"; };
		EDA5151310C72963000A4F41 /* GFaSeqGet.h */ = {isa = PBXFileReference; fileEncoding = 4; lastKnownFileType = sourcecode.c.h; name = GFaSeqGet.h; path = src/GFaSeqGet.h; sourceTree = "<group>"; };
		EDA5151510C72963000A4F41 /* gff.h */ = {isa = PBXFileReference; fileEncoding = 4; lastKnownFileType = sourcecode.c.h; name = gff.h; path = src/gff.h; sourceTree = "<group>"; };
		EDA5151610C72963000A4F41 /* GStr.h */ = {isa = PBXFileReference; fileEncoding = 4; lastKnownFileType = sourcecode.c.h; name = GStr.h; path = src/GStr.h; sourceTree = "<group>"; };
		EDA5151710C72963000A4F41 /* gtf_tracking.h */ = {isa = PBXFileReference; fileEncoding = 4; lastKnownFileType = sourcecode.c.h; name = gtf_tracking.h; path = src/gtf_tracking.h; sourceTree = "<group>"; };
		EDA5151810C72963000A4F41 /* hits.h */ = {isa = PBXFileReference; fileEncoding = 4; lastKnownFileType = sourcecode.c.h; name = hits.h; path = src/hits.h; sourceTree = "<group>"; };
		EDA5151910C72963000A4F41 /* scaffolds.h */ = {isa = PBXFileReference; fileEncoding = 4; lastKnownFileType = sourcecode.c.h; name = scaffolds.h; path = src/scaffolds.h; sourceTree = "<group>"; };
		EDA5151A10C72963000A4F41 /* tokenize.h */ = {isa = PBXFileReference; fileEncoding = 4; lastKnownFileType = sourcecode.c.h; name = tokenize.h; path = src/tokenize.h; sourceTree = "<group>"; };
		EDA5151B10C72963000A4F41 /* transitive_closure.h */ = {isa = PBXFileReference; fileEncoding = 4; lastKnownFileType = sourcecode.c.h; name = transitive_closure.h; path = src/transitive_closure.h; sourceTree = "<group>"; };
		EDA5151C10C72963000A4F41 /* GHash.hh */ = {isa = PBXFileReference; fileEncoding = 4; lastKnownFileType = sourcecode.cpp.h; name = GHash.hh; path = src/GHash.hh; sourceTree = "<group>"; };
		EDA5151D10C72963000A4F41 /* GList.hh */ = {isa = PBXFileReference; fileEncoding = 4; lastKnownFileType = sourcecode.cpp.h; name = GList.hh; path = src/GList.hh; sourceTree = "<group>"; };
		EDA5151E10C72963000A4F41 /* abundances.cpp */ = {isa = PBXFileReference; fileEncoding = 4; lastKnownFileType = sourcecode.cpp.cpp; name = abundances.cpp; path = src/abundances.cpp; sourceTree = "<group>"; };
		EDA5151F10C72963000A4F41 /* assemble.cpp */ = {isa = PBXFileReference; fileEncoding = 4; lastKnownFileType = sourcecode.cpp.cpp; name = assemble.cpp; path = src/assemble.cpp; sourceTree = "<group>"; };
		EDA5152010C72963000A4F41 /* bundles.cpp */ = {isa = PBXFileReference; fileEncoding = 4; lastKnownFileType = sourcecode.cpp.cpp; name = bundles.cpp; path = src/bundles.cpp; sourceTree = "<group>"; };
		EDA5152110C72963000A4F41 /* codons.cpp */ = {isa = PBXFileReference; fileEncoding = 4; lastKnownFileType = sourcecode.cpp.cpp; name = codons.cpp; path = src/codons.cpp; sourceTree = "<group>"; };
		EDA5152210C72963000A4F41 /* common.cpp */ = {isa = PBXFileReference; fileEncoding = 4; lastKnownFileType = sourcecode.cpp.cpp; name = common.cpp; path = src/common.cpp; sourceTree = "<group>"; };
		EDA5152310C72963000A4F41 /* cuffcompare.cpp */ = {isa = PBXFileReference; fileEncoding = 4; lastKnownFileType = sourcecode.cpp.cpp; name = cuffcompare.cpp; path = src/cuffcompare.cpp; sourceTree = "<group>"; };
		EDA5152410C72963000A4F41 /* cuffdiff.cpp */ = {isa = PBXFileReference; fileEncoding = 4; lastKnownFileType = sourcecode.cpp.cpp; name = cuffdiff.cpp; path = src/cuffdiff.cpp; sourceTree = "<group>"; };
		EDA5152510C72963000A4F41 /* cufflinks.cpp */ = {isa = PBXFileReference; fileEncoding = 4; lastKnownFileType = sourcecode.cpp.cpp; name = cufflinks.cpp; path = src/cufflinks.cpp; sourceTree = "<group>"; };
		EDA5152610C72963000A4F41 /* filters.cpp */ = {isa = PBXFileReference; fileEncoding = 4; lastKnownFileType = sourcecode.cpp.cpp; name = filters.cpp; path = src/filters.cpp; sourceTree = "<group>"; };
		EDA5152710C72963000A4F41 /* GArgs.cpp */ = {isa = PBXFileReference; fileEncoding = 4; lastKnownFileType = sourcecode.cpp.cpp; name = GArgs.cpp; path = src/GArgs.cpp; sourceTree = "<group>"; };
		EDA5152810C72963000A4F41 /* GBase.cpp */ = {isa = PBXFileReference; fileEncoding = 4; lastKnownFileType = sourcecode.cpp.cpp; name = GBase.cpp; path = src/GBase.cpp; sourceTree = "<group>"; };
		EDA5152910C72963000A4F41 /* gdna.cpp */ = {isa = PBXFileReference; fileEncoding = 4; lastKnownFileType = sourcecode.cpp.cpp; name = gdna.cpp; path = src/gdna.cpp; sourceTree = "<group>"; };
		EDA5152A10C72963000A4F41 /* genes.cpp */ = {isa = PBXFileReference; fileEncoding = 4; lastKnownFileType = sourcecode.cpp.cpp; name = genes.cpp; path = src/genes.cpp; sourceTree = "<group>"; };
		EDA5152B10C72963000A4F41 /* GFaSeqGet.cpp */ = {isa = PBXFileReference; fileEncoding = 4; lastKnownFileType = sourcecode.cpp.cpp; name = GFaSeqGet.cpp; path = src/GFaSeqGet.cpp; sourceTree = "<group>"; };
		EDA5152C10C72963000A4F41 /* gff.cpp */ = {isa = PBXFileReference; fileEncoding = 4; lastKnownFileType = sourcecode.cpp.cpp; name = gff.cpp; path = src/gff.cpp; sourceTree = "<group>"; };
		EDA5152D10C72963000A4F41 /* GStr.cpp */ = {isa = PBXFileReference; fileEncoding = 4; lastKnownFileType = sourcecode.cpp.cpp; name = GStr.cpp; path = src/GStr.cpp; sourceTree = "<group>"; };
		EDA5152E10C72963000A4F41 /* gtf_reads.cpp */ = {isa = PBXFileReference; fileEncoding = 4; lastKnownFileType = sourcecode.cpp.cpp; name = gtf_reads.cpp; path = src/gtf_reads.cpp; sourceTree = "<group>"; };
		EDA5152F10C72963000A4F41 /* gtf_tracking.cpp */ = {isa = PBXFileReference; fileEncoding = 4; lastKnownFileType = sourcecode.cpp.cpp; name = gtf_tracking.cpp; path = src/gtf_tracking.cpp; sourceTree = "<group>"; };
		EDA5153010C72963000A4F41 /* hits.cpp */ = {isa = PBXFileReference; fileEncoding = 4; lastKnownFileType = sourcecode.cpp.cpp; name = hits.cpp; path = src/hits.cpp; sourceTree = "<group>"; };
		EDA5153110C72963000A4F41 /* scaffolds.cpp */ = {isa = PBXFileReference; fileEncoding = 4; lastKnownFileType = sourcecode.cpp.cpp; name = scaffolds.cpp; path = src/scaffolds.cpp; sourceTree = "<group>"; };
		EDA5153210C72963000A4F41 /* tokenize.cpp */ = {isa = PBXFileReference; fileEncoding = 4; lastKnownFileType = sourcecode.cpp.cpp; name = tokenize.cpp; path = src/tokenize.cpp; sourceTree = "<group>"; };
		EDACE430114EFF5C009024DB /* differential.h */ = {isa = PBXFileReference; fileEncoding = 4; lastKnownFileType = sourcecode.c.h; name = differential.h; path = src/differential.h; sourceTree = "<group>"; };
		EDACE431114EFF5C009024DB /* differential.cpp */ = {isa = PBXFileReference; fileEncoding = 4; lastKnownFileType = sourcecode.cpp.cpp; name = differential.cpp; path = src/differential.cpp; sourceTree = "<group>"; };
		EDACE438114F031B009024DB /* clustering.h */ = {isa = PBXFileReference; fileEncoding = 4; lastKnownFileType = sourcecode.c.h; name = clustering.h; path = src/clustering.h; sourceTree = "<group>"; };
		EDACE439114F031B009024DB /* clustering.cpp */ = {isa = PBXFileReference; fileEncoding = 4; lastKnownFileType = sourcecode.cpp.cpp; name = clustering.cpp; path = src/clustering.cpp; sourceTree = "<group>"; };
		EDBAC4BF11FF5AD3002B7162 /* biascorrection.cpp */ = {isa = PBXFileReference; fileEncoding = 4; lastKnownFileType = sourcecode.cpp.cpp; name = biascorrection.cpp; path = src/biascorrection.cpp; sourceTree = "<group>"; };
		EDBAC4C011FF5AD3002B7162 /* biascorrection.h */ = {isa = PBXFileReference; fileEncoding = 4; lastKnownFileType = sourcecode.c.h; name = biascorrection.h; path = src/biascorrection.h; sourceTree = "<group>"; };
		EDBBE9C811AA3F5E006AC14A /* transitive_reduction.h */ = {isa = PBXFileReference; fileEncoding = 4; lastKnownFileType = sourcecode.c.h; name = transitive_reduction.h; path = src/transitive_reduction.h; sourceTree = "<group>"; };
		EDD0CD9C10C72AC200AF308F /* cufflinks */ = {isa = PBXFileReference; explicitFileType = "compiled.mach-o.executable"; includeInIndex = 0; path = cufflinks; sourceTree = BUILT_PRODUCTS_DIR; };
		EDD0CE2210C72F7D00AF308F /* cuffdiff */ = {isa = PBXFileReference; explicitFileType = "compiled.mach-o.executable"; includeInIndex = 0; path = cuffdiff; sourceTree = BUILT_PRODUCTS_DIR; };
		EDD6A7A0115562EE00D3F668 /* Makefile.am */ = {isa = PBXFileReference; fileEncoding = 4; lastKnownFileType = text; name = Makefile.am; path = src/Makefile.am; sourceTree = "<group>"; };
		EDD6A9D511598ABA00D3F668 /* cufflinks_xcode */ = {isa = PBXFileReference; explicitFileType = "compiled.mach-o.executable"; includeInIndex = 0; path = cufflinks_xcode; sourceTree = BUILT_PRODUCTS_DIR; };
		EDD6AA231159BA2E00D3F668 /* Boost Tests */ = {isa = PBXFileReference; explicitFileType = "compiled.mach-o.executable"; includeInIndex = 0; path = "Boost Tests"; sourceTree = BUILT_PRODUCTS_DIR; };
		EDD6AA461159BE6500D3F668 /* test_abundances.cpp */ = {isa = PBXFileReference; fileEncoding = 4; lastKnownFileType = sourcecode.cpp.cpp; path = test_abundances.cpp; sourceTree = "<group>"; };
		EDD6AA471159BE6500D3F668 /* test_main.cpp */ = {isa = PBXFileReference; fileEncoding = 4; lastKnownFileType = sourcecode.cpp.cpp; path = test_main.cpp; sourceTree = "<group>"; };
		EDD6AA8D1159C5CD00D3F668 /* libcppunit-1.12.1.dylib */ = {isa = PBXFileReference; lastKnownFileType = "compiled.mach-o.dylib"; name = "libcppunit-1.12.1.dylib"; path = "/usr/local/lib/libcppunit-1.12.1.dylib"; sourceTree = "<absolute>"; };
		EDD94B671205C9E800AA1086 /* cufflinks_xcode */ = {isa = PBXFileReference; explicitFileType = "compiled.mach-o.executable"; includeInIndex = 0; path = cufflinks_xcode; sourceTree = BUILT_PRODUCTS_DIR; };
		EDD94B711205CAF400AA1086 /* gtf_to_sam.cpp */ = {isa = PBXFileReference; fileEncoding = 4; lastKnownFileType = sourcecode.cpp.cpp; name = gtf_to_sam.cpp; path = src/gtf_to_sam.cpp; sourceTree = "<group>"; };
		EDDBF70912D29DF000130D8A /* cuffcluster.cpp */ = {isa = PBXFileReference; fileEncoding = 4; lastKnownFileType = sourcecode.cpp.cpp; name = cuffcluster.cpp; path = src/cuffcluster.cpp; sourceTree = "<group>"; };
		EDE78A2B11B5F4F0000F8846 /* graph_optimize.h */ = {isa = PBXFileReference; fileEncoding = 4; lastKnownFileType = sourcecode.c.h; name = graph_optimize.h; path = src/graph_optimize.h; sourceTree = "<group>"; };
		EDE78A2C11B5F4F0000F8846 /* graph_optimize.cpp */ = {isa = PBXFileReference; fileEncoding = 4; lastKnownFileType = sourcecode.cpp.cpp; name = graph_optimize.cpp; path = src/graph_optimize.cpp; sourceTree = "<group>"; };
		EDE78A7811B6E912000F8846 /* scaffold_graph.h */ = {isa = PBXFileReference; fileEncoding = 4; lastKnownFileType = sourcecode.c.h; name = scaffold_graph.h; path = src/scaffold_graph.h; sourceTree = "<group>"; };
		EDE78A7911B6E912000F8846 /* scaffold_graph.cpp */ = {isa = PBXFileReference; fileEncoding = 4; lastKnownFileType = sourcecode.cpp.cpp; name = scaffold_graph.cpp; path = src/scaffold_graph.cpp; sourceTree = "<group>"; };
		EDE78BC411B716C3000F8846 /* matching_merge.cpp */ = {isa = PBXFileReference; fileEncoding = 4; lastKnownFileType = sourcecode.cpp.cpp; name = matching_merge.cpp; path = src/matching_merge.cpp; sourceTree = "<group>"; };
		EDE78BC511B716C3000F8846 /* matching_merge.h */ = {isa = PBXFileReference; fileEncoding = 4; lastKnownFileType = sourcecode.c.h; name = matching_merge.h; path = src/matching_merge.h; sourceTree = "<group>"; };
		EDEBCDF8112DFD7600E2479E /* configure.ac */ = {isa = PBXFileReference; fileEncoding = 4; lastKnownFileType = text; path = configure.ac; sourceTree = "<group>"; };
		EDEBCEBB112E316400E2479E /* Accelerate.framework */ = {isa = PBXFileReference; lastKnownFileType = wrapper.framework; name = Accelerate.framework; path = System/Library/Frameworks/Accelerate.framework; sourceTree = SDKROOT; };
		EDFE39CE122BE65600F24CD3 /* cufflinks_xcode */ = {isa = PBXFileReference; explicitFileType = "compiled.mach-o.executable"; includeInIndex = 0; path = cufflinks_xcode; sourceTree = BUILT_PRODUCTS_DIR; };
		EDFE39FA122BE7B700F24CD3 /* jensen_shannon.cpp */ = {isa = PBXFileReference; fileEncoding = 4; lastKnownFileType = sourcecode.cpp.cpp; name = jensen_shannon.cpp; path = src/jensen_shannon.cpp; sourceTree = "<group>"; };
		EDFE39FD122BE7CB00F24CD3 /* jensen_shannon.h */ = {isa = PBXFileReference; fileEncoding = 4; lastKnownFileType = sourcecode.c.h; name = jensen_shannon.h; path = src/jensen_shannon.h; sourceTree = "<group>"; };
/* End PBXFileReference section */

/* Begin PBXFrameworksBuildPhase section */
		8DD76F660486A84900D96B5E /* Frameworks */ = {
			isa = PBXFrameworksBuildPhase;
			buildActionMask = 2147483647;
			files = (
				ED5D1EE9114B490C00A2AF02 /* libboost_thread.a in Frameworks */,
				ED1C0D7611D7F88B00CFD663 /* libbam.a in Frameworks */,
				ED1C0D7A11D7F94900CFD663 /* libz.dylib in Frameworks */,
			);
			runOnlyForDeploymentPostprocessing = 0;
		};
		ED41B830127602C60000B5A2 /* Frameworks */ = {
			isa = PBXFrameworksBuildPhase;
			buildActionMask = 2147483647;
			files = (
				ED41B831127602C60000B5A2 /* libboost_thread.a in Frameworks */,
				ED41B832127602C60000B5A2 /* libbam.a in Frameworks */,
				ED41B833127602C60000B5A2 /* libz.dylib in Frameworks */,
			);
			runOnlyForDeploymentPostprocessing = 0;
		};
		EDD0CE1C10C72F7D00AF308F /* Frameworks */ = {
			isa = PBXFrameworksBuildPhase;
			buildActionMask = 2147483647;
			files = (
				EDE107E611E37CCC005F1F4B /* libbam.a in Frameworks */,
				ED5D1EEA114B490C00A2AF02 /* libboost_thread.a in Frameworks */,
				EDE107E911E37CE7005F1F4B /* libz.dylib in Frameworks */,
			);
			runOnlyForDeploymentPostprocessing = 0;
		};
		EDD6A9CF11598AB900D3F668 /* Frameworks */ = {
			isa = PBXFrameworksBuildPhase;
			buildActionMask = 2147483647;
			files = (
			);
			runOnlyForDeploymentPostprocessing = 0;
		};
		EDD6AA211159BA2E00D3F668 /* Frameworks */ = {
			isa = PBXFrameworksBuildPhase;
			buildActionMask = 2147483647;
			files = (
				EDD6AA8E1159C5CD00D3F668 /* libcppunit-1.12.1.dylib in Frameworks */,
			);
			runOnlyForDeploymentPostprocessing = 0;
		};
		EDD94B5F1205C9E800AA1086 /* Frameworks */ = {
			isa = PBXFrameworksBuildPhase;
			buildActionMask = 2147483647;
			files = (
				EDD94B601205C9E800AA1086 /* libboost_thread.a in Frameworks */,
				EDD94B611205C9E800AA1086 /* libbam.a in Frameworks */,
				EDD94B621205C9E800AA1086 /* libz.dylib in Frameworks */,
			);
			runOnlyForDeploymentPostprocessing = 0;
		};
		EDFE39C6122BE65600F24CD3 /* Frameworks */ = {
			isa = PBXFrameworksBuildPhase;
			buildActionMask = 2147483647;
			files = (
				EDFE39C7122BE65600F24CD3 /* libbam.a in Frameworks */,
				EDFE39C8122BE65600F24CD3 /* libboost_thread.a in Frameworks */,
				EDFE39C9122BE65600F24CD3 /* libz.dylib in Frameworks */,
			);
			runOnlyForDeploymentPostprocessing = 0;
		};
/* End PBXFrameworksBuildPhase section */

/* Begin PBXGroup section */
		08FB7794FE84155DC02AAC07 /* cufflinks_xcode */ = {
			isa = PBXGroup;
			children = (
				ED1C0D7511D7F88B00CFD663 /* libbam.a */,
				EDD6AA8D1159C5CD00D3F668 /* libcppunit-1.12.1.dylib */,
				ED5D1EE8114B490C00A2AF02 /* libboost_thread.a */,
				EDD6AA441159BE6500D3F668 /* tests */,
				0A25E74A1242E9270080BEA9 /* src */,
				C6859E8C029090F304C91782 /* Documentation */,
				1AB674ADFE9D54B511CA2CBB /* Products */,
				EDEBCEBB112E316400E2479E /* Accelerate.framework */,
				ED1C0D7911D7F94900CFD663 /* libz.dylib */,
			);
			name = cufflinks_xcode;
			sourceTree = "<group>";
		};
		0A25E74A1242E9270080BEA9 /* src */ = {
			isa = PBXGroup;
			children = (
				0A25E74B1242E95A0080BEA9 /* progressbar.h */,
				ED877B71123BCA3E0025A050 /* GFastaIndex.h */,
				ED877B72123BCA3F0025A050 /* GFastaIndex.cpp */,
				ED1C0C6D11D7D9C000CFD663 /* Autotools */,
				EDA5150910C72963000A4F41 /* abundances.h */,
				EDA5150A10C72963000A4F41 /* assemble.h */,
				EDBAC4C011FF5AD3002B7162 /* biascorrection.h */,
				EDA5150B10C72963000A4F41 /* bundles.h */,
				EDACE438114F031B009024DB /* clustering.h */,
				EDA5150C10C72963000A4F41 /* codons.h */,
				EDA5150D10C72963000A4F41 /* common.h */,
				EDACE430114EFF5C009024DB /* differential.h */,
				EDA5150E10C72963000A4F41 /* filters.h */,
				EDA5150F10C72963000A4F41 /* GArgs.h */,
				EDA5151010C72963000A4F41 /* GBase.h */,
				EDA5151110C72963000A4F41 /* gdna.h */,
				EDA5151210C72963000A4F41 /* genes.h */,
				EDA5151310C72963000A4F41 /* GFaSeqGet.h */,
				EDA5151510C72963000A4F41 /* gff.h */,
				EDA5151C10C72963000A4F41 /* GHash.hh */,
				EDA5151D10C72963000A4F41 /* GList.hh */,
				EDA5151610C72963000A4F41 /* GStr.h */,
				EDE78A2B11B5F4F0000F8846 /* graph_optimize.h */,
				EDA5151710C72963000A4F41 /* gtf_tracking.h */,
				EDA5151810C72963000A4F41 /* hits.h */,
				EDE78BC511B716C3000F8846 /* matching_merge.h */,
				0A5D9A35123B5BE0002BEFD5 /* GFastaIndex.cpp */,
				ED4835D81249057500642337 /* progressbar.h */,
				EDA5151910C72963000A4F41 /* scaffolds.h */,
				EDE78A7811B6E912000F8846 /* scaffold_graph.h */,
				EDA5151A10C72963000A4F41 /* tokenize.h */,
				EDA5151B10C72963000A4F41 /* transitive_closure.h */,
				EDBBE9C811AA3F5E006AC14A /* transitive_reduction.h */,
				EDA5151E10C72963000A4F41 /* abundances.cpp */,
				EDA5151F10C72963000A4F41 /* assemble.cpp */,
				EDBAC4BF11FF5AD3002B7162 /* biascorrection.cpp */,
				EDA5152010C72963000A4F41 /* bundles.cpp */,
				EDACE439114F031B009024DB /* clustering.cpp */,
				EDA5152110C72963000A4F41 /* codons.cpp */,
				EDA5152210C72963000A4F41 /* common.cpp */,
				EDA5152310C72963000A4F41 /* cuffcompare.cpp */,
				EDA5152410C72963000A4F41 /* cuffdiff.cpp */,
				EDA5152510C72963000A4F41 /* cufflinks.cpp */,
				EDACE431114EFF5C009024DB /* differential.cpp */,
				EDA5152610C72963000A4F41 /* filters.cpp */,
				EDA5152710C72963000A4F41 /* GArgs.cpp */,
				EDA5152810C72963000A4F41 /* GBase.cpp */,
				EDA5152910C72963000A4F41 /* gdna.cpp */,
				EDA5152A10C72963000A4F41 /* genes.cpp */,
				EDA5152B10C72963000A4F41 /* GFaSeqGet.cpp */,
				EDA5152C10C72963000A4F41 /* gff.cpp */,
				0A5D9A3F123B5BFE002BEFD5 /* GFastaIndex.h */,
				EDE78A2C11B5F4F0000F8846 /* graph_optimize.cpp */,
				EDA5152D10C72963000A4F41 /* GStr.cpp */,
				EDA5152E10C72963000A4F41 /* gtf_reads.cpp */,
				EDA5152F10C72963000A4F41 /* gtf_tracking.cpp */,
				EDD94B711205CAF400AA1086 /* gtf_to_sam.cpp */,
				EDA5153010C72963000A4F41 /* hits.cpp */,
				EDE78BC411B716C3000F8846 /* matching_merge.cpp */,
				EDA5153110C72963000A4F41 /* scaffolds.cpp */,
				EDE78A7911B6E912000F8846 /* scaffold_graph.cpp */,
				EDA5153210C72963000A4F41 /* tokenize.cpp */,
				EDFE39FA122BE7B700F24CD3 /* jensen_shannon.cpp */,
				EDFE39FD122BE7CB00F24CD3 /* jensen_shannon.h */,
				EDDBF70912D29DF000130D8A /* cuffcluster.cpp */,
			);
			name = src;
			sourceTree = "<group>";
		};
		1AB674ADFE9D54B511CA2CBB /* Products */ = {
			isa = PBXGroup;
			children = (
				EDD0CD9C10C72AC200AF308F /* cufflinks */,
				EDD0CE2210C72F7D00AF308F /* cuffdiff */,
				EDD6A9D511598ABA00D3F668 /* cufflinks_xcode */,
				EDD6AA231159BA2E00D3F668 /* Boost Tests */,
				EDD94B671205C9E800AA1086 /* cufflinks_xcode */,
				EDFE39CE122BE65600F24CD3 /* cufflinks_xcode */,
				ED41B838127602C60000B5A2 /* cufflinks_xcode */,
			);
			name = Products;
			sourceTree = "<group>";
		};
		C6859E8C029090F304C91782 /* Documentation */ = {
			isa = PBXGroup;
			children = (
			);
			name = Documentation;
			sourceTree = "<group>";
		};
		ED1C0C6D11D7D9C000CFD663 /* Autotools */ = {
			isa = PBXGroup;
			children = (
				ED1C0CAA11D7E52400CFD663 /* ax_check_zlib.m4 */,
				ED1C0C7111D7D9E500CFD663 /* ax_boost_base.m4 */,
				ED1C0C7211D7D9E500CFD663 /* ax_boost_thread.m4 */,
				EDEBCDF8112DFD7600E2479E /* configure.ac */,
				EDD6A7A0115562EE00D3F668 /* Makefile.am */,
				ED1C0C7411D7DA3200CFD663 /* ax_bam.m4 */,
			);
			name = Autotools;
			sourceTree = "<group>";
		};
		EDD6AA441159BE6500D3F668 /* tests */ = {
			isa = PBXGroup;
			children = (
				EDD6AA451159BE6500D3F668 /* unit_tests */,
			);
			path = tests;
			sourceTree = "<group>";
		};
		EDD6AA451159BE6500D3F668 /* unit_tests */ = {
			isa = PBXGroup;
			children = (
				EDD6AA461159BE6500D3F668 /* test_abundances.cpp */,
				EDD6AA471159BE6500D3F668 /* test_main.cpp */,
			);
			path = unit_tests;
			sourceTree = "<group>";
		};
/* End PBXGroup section */

/* Begin PBXNativeTarget section */
		8DD76F620486A84900D96B5E /* cufflinks */ = {
			isa = PBXNativeTarget;
			buildConfigurationList = 1DEB923108733DC60010E9CD /* Build configuration list for PBXNativeTarget "cufflinks" */;
			buildPhases = (
				8DD76F640486A84900D96B5E /* Sources */,
				8DD76F660486A84900D96B5E /* Frameworks */,
				8DD76F690486A84900D96B5E /* CopyFiles */,
			);
			buildRules = (
			);
			dependencies = (
			);
			name = cufflinks;
			productInstallPath = "$(HOME)/bin";
			productName = cufflinks_xcode;
			productReference = EDD0CD9C10C72AC200AF308F /* cufflinks */;
			productType = "com.apple.product-type.tool";
		};
		ED41B816127602C60000B5A2 /* gtf_reads */ = {
			isa = PBXNativeTarget;
			buildConfigurationList = ED41B835127602C60000B5A2 /* Build configuration list for PBXNativeTarget "gtf_reads" */;
			buildPhases = (
				ED41B817127602C60000B5A2 /* Sources */,
				ED41B830127602C60000B5A2 /* Frameworks */,
				ED41B834127602C60000B5A2 /* CopyFiles */,
			);
			buildRules = (
			);
			dependencies = (
			);
			name = gtf_reads;
			productInstallPath = "$(HOME)/bin";
			productName = cufflinks_xcode;
			productReference = ED41B838127602C60000B5A2 /* cufflinks_xcode */;
			productType = "com.apple.product-type.tool";
		};
		EDD0CE0810C72F7D00AF308F /* cuffdiff */ = {
			isa = PBXNativeTarget;
			buildConfigurationList = EDD0CE1F10C72F7D00AF308F /* Build configuration list for PBXNativeTarget "cuffdiff" */;
			buildPhases = (
				EDD0CE0910C72F7D00AF308F /* Sources */,
				EDD0CE1C10C72F7D00AF308F /* Frameworks */,
				EDD0CE1E10C72F7D00AF308F /* CopyFiles */,
			);
			buildRules = (
			);
			dependencies = (
			);
			name = cuffdiff;
			productInstallPath = "$(HOME)/bin";
			productName = cufflinks_xcode;
			productReference = EDD0CE2210C72F7D00AF308F /* cuffdiff */;
			productType = "com.apple.product-type.tool";
		};
		EDD6A9BA11598AB900D3F668 /* cuffcompare */ = {
			isa = PBXNativeTarget;
			buildConfigurationList = EDD6A9D211598AB900D3F668 /* Build configuration list for PBXNativeTarget "cuffcompare" */;
			buildPhases = (
				EDD6A9BB11598AB900D3F668 /* Sources */,
				EDD6A9CF11598AB900D3F668 /* Frameworks */,
				EDD6A9D111598AB900D3F668 /* CopyFiles */,
			);
			buildRules = (
			);
			dependencies = (
			);
			name = cuffcompare;
			productInstallPath = "$(HOME)/bin";
			productName = cufflinks_xcode;
			productReference = EDD6A9D511598ABA00D3F668 /* cufflinks_xcode */;
			productType = "com.apple.product-type.tool";
		};
		EDD6AA221159BA2E00D3F668 /* Unit Tests */ = {
			isa = PBXNativeTarget;
			buildConfigurationList = EDD6AA2C1159BA3200D3F668 /* Build configuration list for PBXNativeTarget "Unit Tests" */;
			buildPhases = (
				EDD6AA201159BA2E00D3F668 /* Sources */,
				EDD6AA211159BA2E00D3F668 /* Frameworks */,
				EDD6AA5B1159BFBB00D3F668 /* Run Tests */,
			);
			buildRules = (
			);
			dependencies = (
			);
			name = "Unit Tests";
			productName = "Boost Tests";
			productReference = EDD6AA231159BA2E00D3F668 /* Boost Tests */;
			productType = "com.apple.product-type.tool";
		};
		EDD94B461205C9E800AA1086 /* gtf_to_sam */ = {
			isa = PBXNativeTarget;
			buildConfigurationList = EDD94B641205C9E800AA1086 /* Build configuration list for PBXNativeTarget "gtf_to_sam" */;
			buildPhases = (
				EDD94B471205C9E800AA1086 /* Sources */,
				EDD94B5F1205C9E800AA1086 /* Frameworks */,
				EDD94B631205C9E800AA1086 /* CopyFiles */,
			);
			buildRules = (
			);
			dependencies = (
			);
			name = gtf_to_sam;
			productInstallPath = "$(HOME)/bin";
			productName = cufflinks_xcode;
			productReference = EDD94B671205C9E800AA1086 /* cufflinks_xcode */;
			productType = "com.apple.product-type.tool";
		};
		EDFE39B0122BE65600F24CD3 /* cuffcluster */ = {
			isa = PBXNativeTarget;
			buildConfigurationList = EDFE39CB122BE65600F24CD3 /* Build configuration list for PBXNativeTarget "cuffcluster" */;
			buildPhases = (
				EDFE39B1122BE65600F24CD3 /* Sources */,
				EDFE39C6122BE65600F24CD3 /* Frameworks */,
				EDFE39CA122BE65600F24CD3 /* CopyFiles */,
			);
			buildRules = (
			);
			dependencies = (
			);
			name = cuffcluster;
			productInstallPath = "$(HOME)/bin";
			productName = cufflinks_xcode;
			productReference = EDFE39CE122BE65600F24CD3 /* cufflinks_xcode */;
			productType = "com.apple.product-type.tool";
		};
/* End PBXNativeTarget section */

/* Begin PBXProject section */
		08FB7793FE84155DC02AAC07 /* Project object */ = {
			isa = PBXProject;
			attributes = {
				BuildIndependentTargetsInParallel = YES;
			};
			buildConfigurationList = 1DEB923508733DC60010E9CD /* Build configuration list for PBXProject "cufflinks" */;
			compatibilityVersion = "Xcode 3.2";
			developmentRegion = English;
			hasScannedForEncodings = 1;
			knownRegions = (
				English,
				Japanese,
				French,
				German,
			);
			mainGroup = 08FB7794FE84155DC02AAC07 /* cufflinks_xcode */;
			projectDirPath = "";
			projectRoot = "";
			targets = (
				8DD76F620486A84900D96B5E /* cufflinks */,
				EDD0CE0810C72F7D00AF308F /* cuffdiff */,
				EDD6A9BA11598AB900D3F668 /* cuffcompare */,
				EDD6AA221159BA2E00D3F668 /* Unit Tests */,
				EDD94B461205C9E800AA1086 /* gtf_to_sam */,
				EDFE39B0122BE65600F24CD3 /* cuffcluster */,
				ED41B816127602C60000B5A2 /* gtf_reads */,
			);
		};
/* End PBXProject section */

/* Begin PBXShellScriptBuildPhase section */
		EDD6AA5B1159BFBB00D3F668 /* Run Tests */ = {
			isa = PBXShellScriptBuildPhase;
			buildActionMask = 2147483647;
			files = (
			);
			inputPaths = (
			);
			name = "Run Tests";
			outputPaths = (
			);
			runOnlyForDeploymentPostprocessing = 0;
			shellPath = /bin/sh;
			shellScript = "\"${TARGET_BUILD_DIR}/${EXECUTABLE_NAME}\"";
		};
/* End PBXShellScriptBuildPhase section */

/* Begin PBXSourcesBuildPhase section */
		8DD76F640486A84900D96B5E /* Sources */ = {
			isa = PBXSourcesBuildPhase;
			buildActionMask = 2147483647;
			files = (
				EDA5155210C729A9000A4F41 /* abundances.cpp in Sources */,
				EDA5155310C729A9000A4F41 /* assemble.cpp in Sources */,
				EDA5155410C729A9000A4F41 /* bundles.cpp in Sources */,
				EDA5155510C729A9000A4F41 /* codons.cpp in Sources */,
				EDA5155610C729A9000A4F41 /* common.cpp in Sources */,
				EDA5155910C729A9000A4F41 /* cufflinks.cpp in Sources */,
				EDA5155A10C729A9000A4F41 /* filters.cpp in Sources */,
				EDA5155B10C729A9000A4F41 /* GArgs.cpp in Sources */,
				EDA5155C10C729A9000A4F41 /* GBase.cpp in Sources */,
				EDA5155D10C729A9000A4F41 /* gdna.cpp in Sources */,
				EDA5155E10C729A9000A4F41 /* genes.cpp in Sources */,
				EDA5155F10C729A9000A4F41 /* GFaSeqGet.cpp in Sources */,
				EDA5156010C729A9000A4F41 /* gff.cpp in Sources */,
				EDA5156110C729A9000A4F41 /* GStr.cpp in Sources */,
				EDA5156310C729A9000A4F41 /* gtf_tracking.cpp in Sources */,
				EDA5156410C729A9000A4F41 /* hits.cpp in Sources */,
				EDA5156510C729A9000A4F41 /* scaffolds.cpp in Sources */,
				EDA5156610C729A9000A4F41 /* tokenize.cpp in Sources */,
				EDACE43B114F031B009024DB /* clustering.cpp in Sources */,
				EDE78A2D11B5F4F0000F8846 /* graph_optimize.cpp in Sources */,
				EDE78A7A11B6E912000F8846 /* scaffold_graph.cpp in Sources */,
				EDE78BC611B716C3000F8846 /* matching_merge.cpp in Sources */,
				EDBAC4C111FF5AD3002B7162 /* biascorrection.cpp in Sources */,
				ED877B74123BCA3F0025A050 /* GFastaIndex.cpp in Sources */,
			);
			runOnlyForDeploymentPostprocessing = 0;
		};
		ED41B817127602C60000B5A2 /* Sources */ = {
			isa = PBXSourcesBuildPhase;
			buildActionMask = 2147483647;
			files = (
				ED41B83E127603A20000B5A2 /* gtf_reads.cpp in Sources */,
				ED41B818127602C60000B5A2 /* GFastaIndex.cpp in Sources */,
				ED41B819127602C60000B5A2 /* abundances.cpp in Sources */,
				ED41B81A127602C60000B5A2 /* assemble.cpp in Sources */,
				ED41B81B127602C60000B5A2 /* bundles.cpp in Sources */,
				ED41B81C127602C60000B5A2 /* codons.cpp in Sources */,
				ED41B81D127602C60000B5A2 /* common.cpp in Sources */,
				ED41B81E127602C60000B5A2 /* filters.cpp in Sources */,
				ED41B81F127602C60000B5A2 /* GArgs.cpp in Sources */,
				ED41B820127602C60000B5A2 /* GBase.cpp in Sources */,
				ED41B821127602C60000B5A2 /* gdna.cpp in Sources */,
				ED41B822127602C60000B5A2 /* genes.cpp in Sources */,
				ED41B823127602C60000B5A2 /* GFaSeqGet.cpp in Sources */,
				ED41B824127602C60000B5A2 /* gff.cpp in Sources */,
				ED41B825127602C60000B5A2 /* GStr.cpp in Sources */,
				ED41B826127602C60000B5A2 /* gtf_tracking.cpp in Sources */,
				ED41B828127602C60000B5A2 /* hits.cpp in Sources */,
				ED41B829127602C60000B5A2 /* scaffolds.cpp in Sources */,
				ED41B82A127602C60000B5A2 /* tokenize.cpp in Sources */,
				ED41B82B127602C60000B5A2 /* clustering.cpp in Sources */,
				ED41B82C127602C60000B5A2 /* graph_optimize.cpp in Sources */,
				ED41B82D127602C60000B5A2 /* scaffold_graph.cpp in Sources */,
				ED41B82E127602C60000B5A2 /* matching_merge.cpp in Sources */,
				ED41B82F127602C60000B5A2 /* biascorrection.cpp in Sources */,
			);
			runOnlyForDeploymentPostprocessing = 0;
		};
		EDD0CE0910C72F7D00AF308F /* Sources */ = {
			isa = PBXSourcesBuildPhase;
			buildActionMask = 2147483647;
			files = (
				EDD0CE2410C72F9300AF308F /* cuffdiff.cpp in Sources */,
				EDD0CE0A10C72F7D00AF308F /* abundances.cpp in Sources */,
				EDD0CE0C10C72F7D00AF308F /* bundles.cpp in Sources */,
				EDD0CE0D10C72F7D00AF308F /* codons.cpp in Sources */,
				EDD0CE0E10C72F7D00AF308F /* common.cpp in Sources */,
				EDD0CE1010C72F7D00AF308F /* filters.cpp in Sources */,
				EDD0CE1110C72F7D00AF308F /* GArgs.cpp in Sources */,
				EDD0CE1210C72F7D00AF308F /* GBase.cpp in Sources */,
				EDD0CE1310C72F7D00AF308F /* gdna.cpp in Sources */,
				EDD0CE1410C72F7D00AF308F /* genes.cpp in Sources */,
				EDD0CE1510C72F7D00AF308F /* GFaSeqGet.cpp in Sources */,
				EDD0CE1610C72F7D00AF308F /* gff.cpp in Sources */,
				EDD0CE1710C72F7D00AF308F /* GStr.cpp in Sources */,
				EDD0CE1810C72F7D00AF308F /* gtf_tracking.cpp in Sources */,
				EDD0CE1910C72F7D00AF308F /* hits.cpp in Sources */,
				EDD0CE1A10C72F7D00AF308F /* scaffolds.cpp in Sources */,
				EDD0CE1B10C72F7D00AF308F /* tokenize.cpp in Sources */,
				EDACE432114EFF5C009024DB /* differential.cpp in Sources */,
				EDACE43A114F031B009024DB /* clustering.cpp in Sources */,
				EDBAC4C211FF5AD3002B7162 /* biascorrection.cpp in Sources */,
				EDFE39FC122BE7B700F24CD3 /* jensen_shannon.cpp in Sources */,
				ED877B73123BCA3F0025A050 /* GFastaIndex.cpp in Sources */,
			);
			runOnlyForDeploymentPostprocessing = 0;
		};
		EDD6A9BB11598AB900D3F668 /* Sources */ = {
			isa = PBXSourcesBuildPhase;
			buildActionMask = 2147483647;
			files = (
				EDD6A9DE11598CFC00D3F668 /* cuffcompare.cpp in Sources */,
				EDD6A9BF11598AB900D3F668 /* codons.cpp in Sources */,
				EDD6A9C311598AB900D3F668 /* GArgs.cpp in Sources */,
				EDD6A9C411598AB900D3F668 /* GBase.cpp in Sources */,
				EDD6A9C511598AB900D3F668 /* gdna.cpp in Sources */,
				EDD6A9C611598AB900D3F668 /* genes.cpp in Sources */,
				EDD6A9C711598AB900D3F668 /* GFaSeqGet.cpp in Sources */,
				EDD6A9C811598AB900D3F668 /* gff.cpp in Sources */,
				EDD6A9C911598AB900D3F668 /* GStr.cpp in Sources */,
				EDD6A9CA11598AB900D3F668 /* gtf_tracking.cpp in Sources */,
				ED877B75123BCA3F0025A050 /* GFastaIndex.cpp in Sources */,
			);
			runOnlyForDeploymentPostprocessing = 0;
		};
		EDD6AA201159BA2E00D3F668 /* Sources */ = {
			isa = PBXSourcesBuildPhase;
			buildActionMask = 2147483647;
			files = (
				EDD6AA6C1159C05600D3F668 /* test_main.cpp in Sources */,
				EDD6AA481159BE6500D3F668 /* test_abundances.cpp in Sources */,
			);
			runOnlyForDeploymentPostprocessing = 0;
		};
		EDD94B471205C9E800AA1086 /* Sources */ = {
			isa = PBXSourcesBuildPhase;
			buildActionMask = 2147483647;
			files = (
				ED48324B123E83D100642337 /* GFastaIndex.cpp in Sources */,
				EDD94B481205C9E800AA1086 /* abundances.cpp in Sources */,
				EDD94B491205C9E800AA1086 /* assemble.cpp in Sources */,
				EDD94B4A1205C9E800AA1086 /* bundles.cpp in Sources */,
				EDD94B4B1205C9E800AA1086 /* codons.cpp in Sources */,
				EDD94B4C1205C9E800AA1086 /* common.cpp in Sources */,
				EDD94B4E1205C9E800AA1086 /* filters.cpp in Sources */,
				EDD94B4F1205C9E800AA1086 /* GArgs.cpp in Sources */,
				EDD94B501205C9E800AA1086 /* GBase.cpp in Sources */,
				EDD94B511205C9E800AA1086 /* gdna.cpp in Sources */,
				EDD94B521205C9E800AA1086 /* genes.cpp in Sources */,
				EDD94B531205C9E800AA1086 /* GFaSeqGet.cpp in Sources */,
				EDD94B541205C9E800AA1086 /* gff.cpp in Sources */,
				EDD94B551205C9E800AA1086 /* GStr.cpp in Sources */,
				EDD94B561205C9E800AA1086 /* gtf_tracking.cpp in Sources */,
				EDD94B741205CB1700AA1086 /* gtf_to_sam.cpp in Sources */,
				EDD94B571205C9E800AA1086 /* hits.cpp in Sources */,
				EDD94B581205C9E800AA1086 /* scaffolds.cpp in Sources */,
				EDD94B591205C9E800AA1086 /* tokenize.cpp in Sources */,
				EDD94B5A1205C9E800AA1086 /* clustering.cpp in Sources */,
				EDD94B5B1205C9E800AA1086 /* graph_optimize.cpp in Sources */,
				EDD94B5C1205C9E800AA1086 /* scaffold_graph.cpp in Sources */,
				EDD94B5D1205C9E800AA1086 /* matching_merge.cpp in Sources */,
				EDD94B5E1205C9E800AA1086 /* biascorrection.cpp in Sources */,
			);
			runOnlyForDeploymentPostprocessing = 0;
		};
		EDFE39B1122BE65600F24CD3 /* Sources */ = {
			isa = PBXSourcesBuildPhase;
			buildActionMask = 2147483647;
			files = (
				EDFE39B6122BE65600F24CD3 /* common.cpp in Sources */,
				EDFE39C2122BE65600F24CD3 /* tokenize.cpp in Sources */,
				EDFE39FB122BE7B700F24CD3 /* jensen_shannon.cpp in Sources */,
				EDDBF70A12D29DF000130D8A /* cuffcluster.cpp in Sources */,
			);
			runOnlyForDeploymentPostprocessing = 0;
		};
/* End PBXSourcesBuildPhase section */

/* Begin XCBuildConfiguration section */
		1DEB923208733DC60010E9CD /* Debug */ = {
			isa = XCBuildConfiguration;
			buildSettings = {
				ALWAYS_SEARCH_USER_PATHS = NO;
				COPY_PHASE_STRIP = NO;
				GCC_AUTO_VECTORIZATION = NO;
				GCC_DYNAMIC_NO_PIC = NO;
				GCC_ENABLE_FIX_AND_CONTINUE = YES;
				GCC_ENABLE_SSE3_EXTENSIONS = NO;
				GCC_ENABLE_SSE41_EXTENSIONS = NO;
				GCC_ENABLE_SSE42_EXTENSIONS = NO;
				GCC_INLINES_ARE_PRIVATE_EXTERN = NO;
				GCC_MODEL_TUNING = G5;
				GCC_OPTIMIZATION_LEVEL = 0;
				GCC_PREPROCESSOR_DEFINITIONS = (
					HAVE_BAM,
					DEBUG,
				);
				GCC_SYMBOLS_PRIVATE_EXTERN = NO;
				GCC_WARN_ABOUT_MISSING_FIELD_INITIALIZERS = NO;
				GCC_WARN_ABOUT_MISSING_NEWLINE = YES;
				GCC_WARN_EFFECTIVE_CPLUSPLUS_VIOLATIONS = NO;
				GCC_WARN_NON_VIRTUAL_DESTRUCTOR = NO;
				GCC_WARN_SHADOW = NO;
				GCC_WARN_UNINITIALIZED_AUTOS = NO;
				GCC_WARN_UNUSED_FUNCTION = NO;
				GCC_WARN_UNUSED_PARAMETER = NO;
				GCC_WARN_UNUSED_VALUE = YES;
				GENERATE_PROFILING_CODE = NO;
				HEADER_SEARCH_PATHS = (
					/usr/local/include,
					./src,
					"/usr/local/include/boost-1_41",
				);
				INSTALL_PATH = /usr/local/bin;
				LIBRARY_SEARCH_PATHS = (
					"$(inherited)",
					/usr/local/lib,
					"\"$(SRCROOT)\"",
					/usr/local/libIntel64,
				);
				PRODUCT_NAME = cufflinks;
				STANDARD_C_PLUS_PLUS_LIBRARY_TYPE = dynamic;
			};
			name = Debug;
		};
		1DEB923308733DC60010E9CD /* Release */ = {
			isa = XCBuildConfiguration;
			buildSettings = {
				ALWAYS_SEARCH_USER_PATHS = NO;
				COPY_PHASE_STRIP = NO;
				DEBUG_INFORMATION_FORMAT = "dwarf-with-dsym";
				GCC_AUTO_VECTORIZATION = NO;
				GCC_DEBUGGING_SYMBOLS = used;
				GCC_ENABLE_SSE3_EXTENSIONS = YES;
				GCC_ENABLE_SSE41_EXTENSIONS = YES;
				GCC_ENABLE_SSE42_EXTENSIONS = YES;
				GCC_ENABLE_SUPPLEMENTAL_SSE3_INSTRUCTIONS = YES;
				GCC_ENABLE_TRIGRAPHS = NO;
				GCC_INLINES_ARE_PRIVATE_EXTERN = NO;
				GCC_MODEL_TUNING = G5;
				GCC_OPTIMIZATION_LEVEL = 3;
				GCC_PREPROCESSOR_DEFINITIONS = HAVE_BAM;
				GCC_SYMBOLS_PRIVATE_EXTERN = NO;
				GCC_UNROLL_LOOPS = YES;
				HEADER_SEARCH_PATHS = (
					/usr/local/include,
					./src,
					"/usr/local/include/boost-1_41",
				);
				INSTALL_PATH = /usr/local/bin;
				LIBRARY_SEARCH_PATHS = (
					"$(inherited)",
					/usr/local/lib,
					"\"$(SRCROOT)\"",
					/usr/local/libIntel64,
				);
				ONLY_ACTIVE_ARCH = YES;
				PRODUCT_NAME = cufflinks;
			};
			name = Release;
		};
		1DEB923608733DC60010E9CD /* Debug */ = {
			isa = XCBuildConfiguration;
			buildSettings = {
				ARCHS = "$(ARCHS_STANDARD_32_64_BIT)";
				GCC_C_LANGUAGE_STANDARD = gnu99;
				GCC_OPTIMIZATION_LEVEL = 0;
				GCC_WARN_ABOUT_RETURN_TYPE = YES;
				GCC_WARN_UNUSED_VARIABLE = YES;
				ONLY_ACTIVE_ARCH = YES;
				PREBINDING = NO;
				SDKROOT = macosx10.6;
			};
			name = Debug;
		};
		1DEB923708733DC60010E9CD /* Release */ = {
			isa = XCBuildConfiguration;
			buildSettings = {
				ARCHS = "$(ARCHS_STANDARD_32_64_BIT)";
				GCC_C_LANGUAGE_STANDARD = gnu99;
				GCC_ENABLE_SSE3_EXTENSIONS = YES;
				GCC_ENABLE_SSE41_EXTENSIONS = YES;
				GCC_ENABLE_SSE42_EXTENSIONS = YES;
				GCC_ENABLE_SUPPLEMENTAL_SSE3_INSTRUCTIONS = YES;
				GCC_WARN_ABOUT_RETURN_TYPE = YES;
				GCC_WARN_UNUSED_VARIABLE = YES;
				PREBINDING = NO;
				SDKROOT = macosx10.6;
			};
			name = Release;
		};
		ED41B836127602C60000B5A2 /* Debug */ = {
			isa = XCBuildConfiguration;
			buildSettings = {
				ALWAYS_SEARCH_USER_PATHS = NO;
				COPY_PHASE_STRIP = NO;
				GCC_AUTO_VECTORIZATION = NO;
				GCC_DYNAMIC_NO_PIC = NO;
				GCC_ENABLE_FIX_AND_CONTINUE = YES;
				GCC_ENABLE_SSE3_EXTENSIONS = NO;
				GCC_ENABLE_SSE41_EXTENSIONS = NO;
				GCC_ENABLE_SSE42_EXTENSIONS = NO;
				GCC_INLINES_ARE_PRIVATE_EXTERN = NO;
				GCC_MODEL_TUNING = G5;
				GCC_OPTIMIZATION_LEVEL = 0;
				GCC_PREPROCESSOR_DEFINITIONS = (
					HAVE_BAM,
					DEBUG,
				);
				GCC_SYMBOLS_PRIVATE_EXTERN = NO;
				GCC_WARN_ABOUT_MISSING_FIELD_INITIALIZERS = NO;
				GCC_WARN_ABOUT_MISSING_NEWLINE = YES;
				GCC_WARN_EFFECTIVE_CPLUSPLUS_VIOLATIONS = NO;
				GCC_WARN_NON_VIRTUAL_DESTRUCTOR = NO;
				GCC_WARN_SHADOW = NO;
				GCC_WARN_UNINITIALIZED_AUTOS = NO;
				GCC_WARN_UNUSED_FUNCTION = NO;
				GCC_WARN_UNUSED_PARAMETER = NO;
				GCC_WARN_UNUSED_VALUE = YES;
				GENERATE_PROFILING_CODE = NO;
				HEADER_SEARCH_PATHS = (
					/usr/local/include,
					./src,
					"/usr/local/include/boost-1_41",
				);
				INSTALL_PATH = /usr/local/bin;
				LIBRARY_SEARCH_PATHS = (
					"$(inherited)",
					/usr/local/lib,
					"\\\\\\\"$(SRCROOT)\\\\\\\"",
					/usr/local/libIntel64,
				);
				PRODUCT_NAME = cufflinks_xcode;
				STANDARD_C_PLUS_PLUS_LIBRARY_TYPE = dynamic;
			};
			name = Debug;
		};
		ED41B837127602C60000B5A2 /* Release */ = {
			isa = XCBuildConfiguration;
			buildSettings = {
				ALWAYS_SEARCH_USER_PATHS = NO;
				COPY_PHASE_STRIP = NO;
				DEBUG_INFORMATION_FORMAT = "dwarf-with-dsym";
				GCC_DEBUGGING_SYMBOLS = used;
				GCC_ENABLE_SSE3_EXTENSIONS = YES;
				GCC_ENABLE_SSE41_EXTENSIONS = YES;
				GCC_ENABLE_SSE42_EXTENSIONS = YES;
				GCC_ENABLE_SUPPLEMENTAL_SSE3_INSTRUCTIONS = YES;
				GCC_ENABLE_TRIGRAPHS = NO;
				GCC_INLINES_ARE_PRIVATE_EXTERN = NO;
				GCC_MODEL_TUNING = G5;
				GCC_OPTIMIZATION_LEVEL = 3;
				GCC_SYMBOLS_PRIVATE_EXTERN = NO;
				GCC_UNROLL_LOOPS = YES;
				HEADER_SEARCH_PATHS = (
					./src,
					"/usr/local/include/boost-1_41",
				);
				INSTALL_PATH = /usr/local/bin;
				LIBRARY_SEARCH_PATHS = (
					"$(inherited)",
					/usr/local/lib,
					"\\\\\\\"$(SRCROOT)\\\\\\\"",
					/usr/local/libIntel64,
				);
				ONLY_ACTIVE_ARCH = YES;
				PRODUCT_NAME = cufflinks;
			};
			name = Release;
		};
		EDD0CE2010C72F7D00AF308F /* Debug */ = {
			isa = XCBuildConfiguration;
			buildSettings = {
				ALWAYS_SEARCH_USER_PATHS = NO;
				COPY_PHASE_STRIP = NO;
				GCC_DYNAMIC_NO_PIC = NO;
				GCC_ENABLE_FIX_AND_CONTINUE = YES;
				GCC_INLINES_ARE_PRIVATE_EXTERN = NO;
				GCC_MODEL_TUNING = G5;
				GCC_OPTIMIZATION_LEVEL = 0;
				GCC_PREPROCESSOR_DEFINITIONS = (
					HAVE_BAM,
					DEBUG,
				);
				GCC_SYMBOLS_PRIVATE_EXTERN = NO;
				HEADER_SEARCH_PATHS = (
					/usr/local/include/,
					./src,
					"/usr/local/include/boost-1_41",
				);
				INSTALL_PATH = /usr/local/bin;
				LIBRARY_SEARCH_PATHS = (
					"$(inherited)",
					/usr/local/lib,
					"\"$(SRCROOT)\"",
					/usr/local/libIntel64,
				);
				PRODUCT_NAME = cuffdiff;
				STANDARD_C_PLUS_PLUS_LIBRARY_TYPE = dynamic;
			};
			name = Debug;
		};
		EDD0CE2110C72F7D00AF308F /* Release */ = {
			isa = XCBuildConfiguration;
			buildSettings = {
				ALWAYS_SEARCH_USER_PATHS = NO;
				DEBUG_INFORMATION_FORMAT = "dwarf-with-dsym";
				GCC_AUTO_VECTORIZATION = YES;
				GCC_INLINES_ARE_PRIVATE_EXTERN = NO;
				GCC_MODEL_TUNING = G5;
				GCC_OPTIMIZATION_LEVEL = 3;
				GCC_PREPROCESSOR_DEFINITIONS = HAVE_VECLIB;
				GCC_SYMBOLS_PRIVATE_EXTERN = NO;
				GCC_UNROLL_LOOPS = YES;
				HEADER_SEARCH_PATHS = (
					./src,
					"/usr/local/include/boost-1_41",
				);
				INSTALL_PATH = /usr/local/bin;
				LIBRARY_SEARCH_PATHS = (
					"$(inherited)",
					/usr/local/lib,
					"\"$(SRCROOT)\"",
					/usr/local/libIntel64,
				);
				ONLY_ACTIVE_ARCH = YES;
				PRODUCT_NAME = cuffdiff;
			};
			name = Release;
		};
		EDD6A9D311598AB900D3F668 /* Debug */ = {
			isa = XCBuildConfiguration;
			buildSettings = {
				ALWAYS_SEARCH_USER_PATHS = NO;
				COPY_PHASE_STRIP = NO;
				GCC_AUTO_VECTORIZATION = NO;
				GCC_DYNAMIC_NO_PIC = NO;
				GCC_ENABLE_FIX_AND_CONTINUE = YES;
				GCC_ENABLE_SSE3_EXTENSIONS = NO;
				GCC_ENABLE_SSE41_EXTENSIONS = NO;
				GCC_ENABLE_SSE42_EXTENSIONS = NO;
				GCC_INLINES_ARE_PRIVATE_EXTERN = NO;
				GCC_MODEL_TUNING = G5;
				GCC_OPTIMIZATION_LEVEL = 0;
				GCC_PREPROCESSOR_DEFINITIONS = DEBUG;
				GCC_SYMBOLS_PRIVATE_EXTERN = NO;
				GCC_WARN_ABOUT_MISSING_FIELD_INITIALIZERS = NO;
				GCC_WARN_ABOUT_MISSING_NEWLINE = YES;
				GCC_WARN_EFFECTIVE_CPLUSPLUS_VIOLATIONS = NO;
				GCC_WARN_NON_VIRTUAL_DESTRUCTOR = NO;
				GCC_WARN_SHADOW = NO;
				GCC_WARN_UNINITIALIZED_AUTOS = YES;
				GCC_WARN_UNUSED_FUNCTION = NO;
				GCC_WARN_UNUSED_PARAMETER = NO;
				GCC_WARN_UNUSED_VALUE = YES;
				GENERATE_PROFILING_CODE = NO;
				HEADER_SEARCH_PATHS = (
					/usr/local/include,
					./src,
					"/usr/local/include/boost-1_41",
				);
				INSTALL_PATH = /usr/local/bin;
				LIBRARY_SEARCH_PATHS = (
					"$(inherited)",
					/usr/local/lib,
					"\\\"$(SRCROOT)\\\"",
				);
				PRODUCT_NAME = cufflinks_xcode;
				STANDARD_C_PLUS_PLUS_LIBRARY_TYPE = dynamic;
			};
			name = Debug;
		};
		EDD6A9D411598AB900D3F668 /* Release */ = {
			isa = XCBuildConfiguration;
			buildSettings = {
				ALWAYS_SEARCH_USER_PATHS = NO;
				COPY_PHASE_STRIP = NO;
				DEBUG_INFORMATION_FORMAT = "dwarf-with-dsym";
				GCC_DEBUGGING_SYMBOLS = used;
				GCC_ENABLE_SSE3_EXTENSIONS = YES;
				GCC_ENABLE_SSE41_EXTENSIONS = YES;
				GCC_ENABLE_SSE42_EXTENSIONS = YES;
				GCC_ENABLE_SUPPLEMENTAL_SSE3_INSTRUCTIONS = YES;
				GCC_ENABLE_TRIGRAPHS = NO;
				GCC_INLINES_ARE_PRIVATE_EXTERN = NO;
				GCC_MODEL_TUNING = G5;
				GCC_OPTIMIZATION_LEVEL = 3;
				GCC_SYMBOLS_PRIVATE_EXTERN = NO;
				GCC_UNROLL_LOOPS = YES;
				HEADER_SEARCH_PATHS = (
					./src,
					"/usr/local/include/boost-1_41",
				);
				INSTALL_PATH = /usr/local/bin;
				LIBRARY_SEARCH_PATHS = (
					"$(inherited)",
					/usr/local/lib,
					"\\\"$(SRCROOT)\\\"",
				);
				ONLY_ACTIVE_ARCH = YES;
				PRODUCT_NAME = cufflinks;
			};
			name = Release;
		};
		EDD6AA251159BA2F00D3F668 /* Debug */ = {
			isa = XCBuildConfiguration;
			buildSettings = {
				ALWAYS_SEARCH_USER_PATHS = NO;
				COPY_PHASE_STRIP = NO;
				GCC_DYNAMIC_NO_PIC = NO;
				GCC_ENABLE_FIX_AND_CONTINUE = YES;
				GCC_INLINES_ARE_PRIVATE_EXTERN = NO;
				GCC_MODEL_TUNING = G5;
				GCC_OPTIMIZATION_LEVEL = 0;
				GCC_SYMBOLS_PRIVATE_EXTERN = NO;
				HEADER_SEARCH_PATHS = (
					/usr/local/include,
					./src,
					"/usr/local/include/boost-1_41",
				);
				INSTALL_PATH = /usr/local/bin;
				LIBRARY_SEARCH_PATHS = /usr/local/lib;
				PREBINDING = NO;
				PRODUCT_NAME = "Boost Tests";
				USER_HEADER_SEARCH_PATHS = "";
			};
			name = Debug;
		};
		EDD6AA261159BA2F00D3F668 /* Release */ = {
			isa = XCBuildConfiguration;
			buildSettings = {
				ALWAYS_SEARCH_USER_PATHS = NO;
				COPY_PHASE_STRIP = YES;
				DEBUG_INFORMATION_FORMAT = "dwarf-with-dsym";
				GCC_ENABLE_FIX_AND_CONTINUE = NO;
				GCC_MODEL_TUNING = G5;
				INSTALL_PATH = /usr/local/bin;
				PREBINDING = NO;
				PRODUCT_NAME = "Boost Tests";
				ZERO_LINK = NO;
			};
			name = Release;
		};
		EDD94B651205C9E800AA1086 /* Debug */ = {
			isa = XCBuildConfiguration;
			buildSettings = {
				ALWAYS_SEARCH_USER_PATHS = NO;
				COPY_PHASE_STRIP = NO;
				GCC_AUTO_VECTORIZATION = NO;
				GCC_DYNAMIC_NO_PIC = NO;
				GCC_ENABLE_FIX_AND_CONTINUE = YES;
				GCC_ENABLE_SSE3_EXTENSIONS = NO;
				GCC_ENABLE_SSE41_EXTENSIONS = NO;
				GCC_ENABLE_SSE42_EXTENSIONS = NO;
				GCC_INLINES_ARE_PRIVATE_EXTERN = NO;
				GCC_MODEL_TUNING = G5;
				GCC_OPTIMIZATION_LEVEL = 0;
				GCC_PREPROCESSOR_DEFINITIONS = (
					HAVE_BAM,
					DEBUG,
				);
				GCC_SYMBOLS_PRIVATE_EXTERN = NO;
				GCC_WARN_ABOUT_MISSING_FIELD_INITIALIZERS = NO;
				GCC_WARN_ABOUT_MISSING_NEWLINE = YES;
				GCC_WARN_EFFECTIVE_CPLUSPLUS_VIOLATIONS = NO;
				GCC_WARN_NON_VIRTUAL_DESTRUCTOR = NO;
				GCC_WARN_SHADOW = NO;
				GCC_WARN_UNINITIALIZED_AUTOS = NO;
				GCC_WARN_UNUSED_FUNCTION = NO;
				GCC_WARN_UNUSED_PARAMETER = NO;
				GCC_WARN_UNUSED_VALUE = YES;
				GENERATE_PROFILING_CODE = NO;
				HEADER_SEARCH_PATHS = (
					/usr/local/include,
					./src,
					"/usr/local/include/boost-1_41",
				);
				INSTALL_PATH = /usr/local/bin;
				LIBRARY_SEARCH_PATHS = (
					"$(inherited)",
					/usr/local/lib,
					"\\\"$(SRCROOT)\\\"",
					/usr/local/libIntel64,
				);
				PRODUCT_NAME = cufflinks_xcode;
				STANDARD_C_PLUS_PLUS_LIBRARY_TYPE = dynamic;
			};
			name = Debug;
		};
		EDD94B661205C9E800AA1086 /* Release */ = {
			isa = XCBuildConfiguration;
			buildSettings = {
				ALWAYS_SEARCH_USER_PATHS = NO;
				COPY_PHASE_STRIP = NO;
				DEBUG_INFORMATION_FORMAT = "dwarf-with-dsym";
				GCC_DEBUGGING_SYMBOLS = used;
				GCC_ENABLE_SSE3_EXTENSIONS = YES;
				GCC_ENABLE_SSE41_EXTENSIONS = YES;
				GCC_ENABLE_SSE42_EXTENSIONS = YES;
				GCC_ENABLE_SUPPLEMENTAL_SSE3_INSTRUCTIONS = YES;
				GCC_ENABLE_TRIGRAPHS = NO;
				GCC_INLINES_ARE_PRIVATE_EXTERN = NO;
				GCC_MODEL_TUNING = G5;
				GCC_OPTIMIZATION_LEVEL = 3;
				GCC_SYMBOLS_PRIVATE_EXTERN = NO;
				GCC_UNROLL_LOOPS = YES;
				HEADER_SEARCH_PATHS = (
					./src,
					"/usr/local/include/boost-1_41",
				);
				INSTALL_PATH = /usr/local/bin;
				LIBRARY_SEARCH_PATHS = (
					"$(inherited)",
					/usr/local/lib,
					"\\\"$(SRCROOT)\\\"",
					/usr/local/libIntel64,
				);
				ONLY_ACTIVE_ARCH = YES;
				PRODUCT_NAME = cufflinks;
			};
			name = Release;
		};
		EDFE39CC122BE65600F24CD3 /* Debug */ = {
			isa = XCBuildConfiguration;
			buildSettings = {
				ALWAYS_SEARCH_USER_PATHS = NO;
				COPY_PHASE_STRIP = NO;
				GCC_DYNAMIC_NO_PIC = NO;
				GCC_ENABLE_FIX_AND_CONTINUE = YES;
				GCC_INLINES_ARE_PRIVATE_EXTERN = NO;
				GCC_MODEL_TUNING = G5;
				GCC_OPTIMIZATION_LEVEL = 0;
				GCC_PREPROCESSOR_DEFINITIONS = (
					HAVE_BAM,
					DEBUG,
				);
				GCC_SYMBOLS_PRIVATE_EXTERN = NO;
				HEADER_SEARCH_PATHS = (
					/usr/local/include/,
					./src,
					"/usr/local/include/boost-1_41",
				);
				INSTALL_PATH = /usr/local/bin;
				LIBRARY_SEARCH_PATHS = (
					"$(inherited)",
					/usr/local/lib,
					"\\\"$(SRCROOT)\\\"",
					/usr/local/libIntel64,
				);
				PRODUCT_NAME = cufflinks_xcode;
				STANDARD_C_PLUS_PLUS_LIBRARY_TYPE = dynamic;
			};
			name = Debug;
		};
		EDFE39CD122BE65600F24CD3 /* Release */ = {
			isa = XCBuildConfiguration;
			buildSettings = {
				ALWAYS_SEARCH_USER_PATHS = NO;
				DEBUG_INFORMATION_FORMAT = "dwarf-with-dsym";
				GCC_AUTO_VECTORIZATION = YES;
				GCC_INLINES_ARE_PRIVATE_EXTERN = NO;
				GCC_MODEL_TUNING = G5;
				GCC_OPTIMIZATION_LEVEL = 3;
				GCC_PREPROCESSOR_DEFINITIONS = HAVE_VECLIB;
				GCC_SYMBOLS_PRIVATE_EXTERN = NO;
				GCC_UNROLL_LOOPS = YES;
				HEADER_SEARCH_PATHS = (
					./src,
					"/usr/local/include/boost-1_41",
				);
				INSTALL_PATH = /usr/local/bin;
				LIBRARY_SEARCH_PATHS = (
					"$(inherited)",
					/usr/local/lib,
					"\\\"$(SRCROOT)\\\"",
					/usr/local/libIntel64,
				);
				ONLY_ACTIVE_ARCH = YES;
				PRODUCT_NAME = sorting_hat;
			};
			name = Release;
		};
/* End XCBuildConfiguration section */

/* Begin XCConfigurationList section */
		1DEB923108733DC60010E9CD /* Build configuration list for PBXNativeTarget "cufflinks" */ = {
			isa = XCConfigurationList;
			buildConfigurations = (
				1DEB923208733DC60010E9CD /* Debug */,
				1DEB923308733DC60010E9CD /* Release */,
			);
			defaultConfigurationIsVisible = 0;
			defaultConfigurationName = Release;
		};
		1DEB923508733DC60010E9CD /* Build configuration list for PBXProject "cufflinks" */ = {
			isa = XCConfigurationList;
			buildConfigurations = (
				1DEB923608733DC60010E9CD /* Debug */,
				1DEB923708733DC60010E9CD /* Release */,
			);
			defaultConfigurationIsVisible = 0;
			defaultConfigurationName = Release;
		};
		ED41B835127602C60000B5A2 /* Build configuration list for PBXNativeTarget "gtf_reads" */ = {
			isa = XCConfigurationList;
			buildConfigurations = (
				ED41B836127602C60000B5A2 /* Debug */,
				ED41B837127602C60000B5A2 /* Release */,
			);
			defaultConfigurationIsVisible = 0;
			defaultConfigurationName = Release;
		};
		EDD0CE1F10C72F7D00AF308F /* Build configuration list for PBXNativeTarget "cuffdiff" */ = {
			isa = XCConfigurationList;
			buildConfigurations = (
				EDD0CE2010C72F7D00AF308F /* Debug */,
				EDD0CE2110C72F7D00AF308F /* Release */,
			);
			defaultConfigurationIsVisible = 0;
			defaultConfigurationName = Release;
		};
		EDD6A9D211598AB900D3F668 /* Build configuration list for PBXNativeTarget "cuffcompare" */ = {
			isa = XCConfigurationList;
			buildConfigurations = (
				EDD6A9D311598AB900D3F668 /* Debug */,
				EDD6A9D411598AB900D3F668 /* Release */,
			);
			defaultConfigurationIsVisible = 0;
			defaultConfigurationName = Release;
		};
		EDD6AA2C1159BA3200D3F668 /* Build configuration list for PBXNativeTarget "Unit Tests" */ = {
			isa = XCConfigurationList;
			buildConfigurations = (
				EDD6AA251159BA2F00D3F668 /* Debug */,
				EDD6AA261159BA2F00D3F668 /* Release */,
			);
			defaultConfigurationIsVisible = 0;
			defaultConfigurationName = Release;
		};
		EDD94B641205C9E800AA1086 /* Build configuration list for PBXNativeTarget "gtf_to_sam" */ = {
			isa = XCConfigurationList;
			buildConfigurations = (
				EDD94B651205C9E800AA1086 /* Debug */,
				EDD94B661205C9E800AA1086 /* Release */,
			);
			defaultConfigurationIsVisible = 0;
			defaultConfigurationName = Release;
		};
		EDFE39CB122BE65600F24CD3 /* Build configuration list for PBXNativeTarget "cuffcluster" */ = {
			isa = XCConfigurationList;
			buildConfigurations = (
				EDFE39CC122BE65600F24CD3 /* Debug */,
				EDFE39CD122BE65600F24CD3 /* Release */,
			);
			defaultConfigurationIsVisible = 0;
			defaultConfigurationName = Release;
		};
/* End XCConfigurationList section */
	};
	rootObject = 08FB7793FE84155DC02AAC07 /* Project object */;
}
